{
  "version": 4,
  "terraform_version": "1.6.1",
  "serial": 756,
  "lineage": "7cb303bf-0b3d-08c9-8984-b8ed185a2753",
  "outputs": {
    "frontend_image_id": {
      "value": "ami-0ada6686cdd61ecb1",
      "type": "string"
    },
    "production_bucket": {
      "value": "terraform-20231027110437349100000001",
      "type": "string"
    }
  },
  "resources": [
    {
      "mode": "data",
      "type": "aws_iam_policy_document",
      "name": "policy_all",
      "provider": "provider[\"registry.terraform.io/hashicorp/aws\"]",
      "instances": [
        {
          "schema_version": 0,
          "attributes": {
            "id": "907093889",
            "json": "{\n  \"Version\": \"2012-10-17\",\n  \"Statement\": [\n    {\n      \"Sid\": \"\",\n      \"Effect\": \"Allow\",\n      \"Action\": \"sts:AssumeRole\",\n      \"Principal\": {\n        \"AWS\": \"*\"\n      }\n    }\n  ]\n}",
            "override_json": null,
            "override_policy_documents": null,
            "policy_id": null,
            "source_json": null,
            "source_policy_documents": null,
            "statement": [
              {
                "actions": [
                  "sts:AssumeRole"
                ],
                "condition": [],
                "effect": "Allow",
                "not_actions": [],
                "not_principals": [],
                "not_resources": [],
                "principals": [
                  {
                    "identifiers": [
                      "*"
                    ],
                    "type": "AWS"
                  }
                ],
                "resources": [],
                "sid": ""
              }
            ],
            "version": "2012-10-17"
          },
          "sensitive_attributes": []
        }
      ]
    },
    {
      "mode": "managed",
      "type": "aws_autoscaling_group",
      "name": "frontend",
      "provider": "provider[\"registry.terraform.io/hashicorp/aws\"]",
      "instances": [
        {
          "schema_version": 0,
          "attributes": {
            "arn": "arn:aws:autoscaling:eu-central-1:178344858845:autoScalingGroup:06f68c5c-d234-444e-997e-4397551f6f07:autoScalingGroupName/frontend",
            "availability_zones": [
              "eu-central-1a",
              "eu-central-1b"
            ],
            "capacity_rebalance": false,
            "context": "",
            "default_cooldown": 300,
            "default_instance_warmup": 0,
            "desired_capacity": 1,
            "desired_capacity_type": "",
            "enabled_metrics": [],
            "force_delete": true,
            "force_delete_warm_pool": false,
            "health_check_grace_period": 300,
            "health_check_type": "EC2",
            "id": "frontend",
            "initial_lifecycle_hook": [],
            "instance_refresh": [],
            "launch_configuration": "",
            "launch_template": [
              {
                "id": "lt-0366b69e187ae8586",
                "name": "frontend",
                "version": "$Latest"
              }
            ],
            "load_balancers": [],
            "max_instance_lifetime": 0,
            "max_size": 1,
            "metrics_granularity": "1Minute",
            "min_elb_capacity": null,
            "min_size": 1,
            "mixed_instances_policy": [],
            "name": "frontend",
            "name_prefix": "",
            "placement_group": "",
            "predicted_capacity": 0,
            "protect_from_scale_in": false,
            "service_linked_role_arn": "arn:aws:iam::178344858845:role/aws-service-role/autoscaling.amazonaws.com/AWSServiceRoleForAutoScaling",
            "suspended_processes": [],
            "tag": [
              {
                "key": "Name",
                "propagate_at_launch": true,
                "value": "frontend"
              }
            ],
            "tags": null,
            "target_group_arns": [
              "arn:aws:elasticloadbalancing:eu-central-1:178344858845:targetgroup/frontend/3dfd59c8d14b30ec"
            ],
            "termination_policies": [],
            "timeouts": null,
            "vpc_zone_identifier": [
              "subnet-00170f6a0a38058c2",
              "subnet-092a99f77085b109e"
            ],
            "wait_for_capacity_timeout": "10m",
            "wait_for_elb_capacity": null,
            "warm_pool": [],
            "warm_pool_size": 0
          },
          "sensitive_attributes": [],
          "private": "eyJlMmJmYjczMC1lY2FhLTExZTYtOGY4OC0zNDM2M2JjN2M0YzAiOnsiZGVsZXRlIjo2MDAwMDAwMDAwMDAsInVwZGF0ZSI6NjAwMDAwMDAwMDAwfX0=",
          "dependencies": [
            "aws_iam_instance_profile.prod_image_builder",
            "aws_iam_role.prod_image_builder",
            "aws_imagebuilder_distribution_configuration.frontend",
            "aws_imagebuilder_image.frontend",
            "aws_imagebuilder_image_recipe.frontend",
            "aws_imagebuilder_infrastructure_configuration.frontend",
            "aws_key_pair.fontend",
            "aws_launch_template.frontend",
            "aws_lb_target_group.frontend",
            "aws_s3_bucket.prod",
            "aws_subnet.prod_1",
            "aws_subnet.prod_2",
            "aws_vpc.prod",
            "data.aws_iam_policy_document.policy_all"
          ]
        }
      ]
    },
    {
      "mode": "managed",
      "type": "aws_codedeploy_app",
      "name": "frontend",
      "provider": "provider[\"registry.terraform.io/hashicorp/aws\"]",
      "instances": [
        {
          "schema_version": 0,
          "attributes": {
            "application_id": "ddedebd5-32e0-4b67-befc-874507a7aca0",
            "arn": "arn:aws:codedeploy:eu-central-1:178344858845:application:frontend",
            "compute_platform": "Server",
            "github_account_name": "",
            "id": "ddedebd5-32e0-4b67-befc-874507a7aca0:frontend",
            "linked_to_github": false,
            "name": "frontend",
            "tags": {
              "Name": "frontend"
            },
            "tags_all": {
              "Name": "frontend"
            }
          },
          "sensitive_attributes": [],
          "private": "bnVsbA=="
        }
      ]
    },
    {
      "mode": "managed",
      "type": "aws_codedeploy_deployment_group",
      "name": "frontend",
      "provider": "provider[\"registry.terraform.io/hashicorp/aws\"]",
      "instances": [
        {
          "schema_version": 0,
          "attributes": {
            "alarm_configuration": [],
            "app_name": "frontend",
            "arn": "arn:aws:codedeploy:eu-central-1:178344858845:deploymentgroup:frontend/frontend",
            "auto_rollback_configuration": [],
            "autoscaling_groups": [
              "frontend"
            ],
            "blue_green_deployment_config": [
              {
                "deployment_ready_option": [
                  {
                    "action_on_timeout": "STOP_DEPLOYMENT",
                    "wait_time_in_minutes": 60
                  }
                ],
                "green_fleet_provisioning_option": [
                  {
                    "action": "DISCOVER_EXISTING"
                  }
                ],
                "terminate_blue_instances_on_deployment_success": [
                  {
                    "action": "KEEP_ALIVE",
                    "termination_wait_time_in_minutes": 0
                  }
                ]
              }
            ],
            "compute_platform": "Server",
            "deployment_config_name": "CodeDeployDefault.OneAtATime",
            "deployment_group_id": "d6c00d0b-e7b4-4729-8024-ef47a396d602",
            "deployment_group_name": "frontend",
            "deployment_style": [
              {
                "deployment_option": "WITH_TRAFFIC_CONTROL",
                "deployment_type": "IN_PLACE"
              }
            ],
            "ec2_tag_filter": [],
            "ec2_tag_set": [],
            "ecs_service": [],
            "id": "d6c00d0b-e7b4-4729-8024-ef47a396d602",
            "load_balancer_info": [
              {
                "elb_info": [
                  {
                    "name": "frontend"
                  }
                ],
                "target_group_info": [],
                "target_group_pair_info": []
              }
            ],
            "on_premises_instance_tag_filter": [],
            "service_role_arn": "arn:aws:iam::178344858845:role/prod_codedeploy",
            "tags": {
              "Name": "frontend"
            },
            "tags_all": {
              "Name": "frontend"
            },
            "trigger_configuration": []
          },
          "sensitive_attributes": [],
          "private": "bnVsbA==",
          "dependencies": [
            "aws_autoscaling_group.frontend",
            "aws_codedeploy_app.frontend",
            "aws_iam_instance_profile.prod_image_builder",
            "aws_iam_role.prod_codedeploy",
            "aws_iam_role.prod_image_builder",
            "aws_imagebuilder_distribution_configuration.frontend",
            "aws_imagebuilder_image.frontend",
            "aws_imagebuilder_image_recipe.frontend",
            "aws_imagebuilder_infrastructure_configuration.frontend",
            "aws_key_pair.fontend",
            "aws_launch_template.frontend",
            "aws_lb.frontend",
            "aws_lb_target_group.frontend",
            "aws_s3_bucket.prod",
            "aws_security_group.frontend",
            "aws_subnet.prod_1",
            "aws_subnet.prod_2",
            "aws_vpc.prod",
            "data.aws_iam_policy_document.policy_all"
          ]
        }
      ]
    },
    {
      "mode": "managed",
      "type": "aws_iam_instance_profile",
      "name": "prod_image_builder",
      "provider": "provider[\"registry.terraform.io/hashicorp/aws\"]",
      "instances": [
        {
          "schema_version": 0,
          "attributes": {
            "arn": "arn:aws:iam::178344858845:instance-profile/prod_image_builder",
            "create_date": "2023-10-25T19:56:51Z",
            "id": "prod_image_builder",
            "name": "prod_image_builder",
            "name_prefix": "",
            "path": "/",
            "role": "prod_image_builder",
            "tags": {
              "Name": "production"
            },
            "tags_all": {
              "Name": "production"
            },
            "unique_id": "AIPASTBROSTOVT46TSC2N"
          },
          "sensitive_attributes": [],
          "private": "bnVsbA==",
          "dependencies": [
            "aws_iam_role.prod_image_builder",
            "data.aws_iam_policy_document.policy_all"
          ]
        }
      ]
    },
    {
      "mode": "managed",
      "type": "aws_iam_role",
      "name": "prod_codedeploy",
      "provider": "provider[\"registry.terraform.io/hashicorp/aws\"]",
      "instances": [
        {
          "schema_version": 0,
          "attributes": {
            "arn": "arn:aws:iam::178344858845:role/prod_codedeploy",
            "assume_role_policy": "{\"Statement\":[{\"Action\":\"sts:AssumeRole\",\"Effect\":\"Allow\",\"Principal\":{\"AWS\":\"*\"},\"Sid\":\"\"}],\"Version\":\"2012-10-17\"}",
            "create_date": "2023-10-27T09:13:59Z",
            "description": "prod_codedeploy",
            "force_detach_policies": false,
            "id": "prod_codedeploy",
            "inline_policy": [],
            "managed_policy_arns": [
              "arn:aws:iam::aws:policy/AdministratorAccess"
            ],
            "max_session_duration": 3600,
            "name": "prod_codedeploy",
            "name_prefix": "",
            "path": "/",
            "permissions_boundary": null,
            "role_last_used": [
              {
                "last_used_date": "",
                "region": ""
              }
            ],
            "tags": {
              "Name": "production"
            },
            "tags_all": {
              "Name": "production"
            },
            "unique_id": "AROASTBROSTOVZYAQYUVL"
          },
          "sensitive_attributes": [],
          "private": "bnVsbA==",
          "dependencies": [
            "data.aws_iam_policy_document.policy_all"
          ]
        }
      ]
    },
    {
      "mode": "managed",
      "type": "aws_iam_role",
      "name": "prod_image_builder",
      "provider": "provider[\"registry.terraform.io/hashicorp/aws\"]",
      "instances": [
        {
          "schema_version": 0,
          "attributes": {
            "arn": "arn:aws:iam::178344858845:role/prod_image_builder",
            "assume_role_policy": "{\"Statement\":[{\"Action\":\"sts:AssumeRole\",\"Effect\":\"Allow\",\"Principal\":{\"AWS\":\"*\"},\"Sid\":\"\"}],\"Version\":\"2012-10-17\"}",
            "create_date": "2023-10-25T19:56:50Z",
            "description": "prod_image_builder",
            "force_detach_policies": false,
            "id": "prod_image_builder",
            "inline_policy": [],
            "managed_policy_arns": [
              "arn:aws:iam::aws:policy/AdministratorAccess"
            ],
            "max_session_duration": 3600,
            "name": "prod_image_builder",
            "name_prefix": "",
            "path": "/",
            "permissions_boundary": null,
            "role_last_used": [
              {
                "last_used_date": "2023-10-27T10:46:21Z",
                "region": "eu-central-1"
              }
            ],
            "tags": {
              "Name": "production"
            },
            "tags_all": {
              "Name": "production"
            },
            "unique_id": "AROASTBROSTORY33YSJMR"
          },
          "sensitive_attributes": [],
          "private": "bnVsbA==",
          "dependencies": [
            "data.aws_iam_policy_document.policy_all"
          ]
        }
      ]
    },
    {
      "mode": "managed",
      "type": "aws_iam_role_policy_attachment",
      "name": "prod_codedeploy_AdministratorAccess",
      "provider": "provider[\"registry.terraform.io/hashicorp/aws\"]",
      "instances": [
        {
          "schema_version": 0,
          "attributes": {
            "id": "prod_codedeploy-20231027091401501700000001",
            "policy_arn": "arn:aws:iam::aws:policy/AdministratorAccess",
            "role": "prod_codedeploy"
          },
          "sensitive_attributes": [],
          "private": "bnVsbA==",
          "dependencies": [
            "aws_iam_role.prod_codedeploy",
            "data.aws_iam_policy_document.policy_all"
          ]
        }
      ]
    },
    {
      "mode": "managed",
      "type": "aws_iam_role_policy_attachment",
      "name": "prod_image_builder_AdministratorAccess",
      "provider": "provider[\"registry.terraform.io/hashicorp/aws\"]",
      "instances": [
        {
          "schema_version": 0,
          "attributes": {
            "id": "prod_image_builder-20231025225918535800000002",
            "policy_arn": "arn:aws:iam::aws:policy/AdministratorAccess",
            "role": "prod_image_builder"
          },
          "sensitive_attributes": [],
          "private": "bnVsbA==",
          "dependencies": [
            "aws_iam_role.prod_image_builder",
            "data.aws_iam_policy_document.policy_all"
          ]
        }
      ]
    },
    {
      "mode": "managed",
      "type": "aws_imagebuilder_distribution_configuration",
      "name": "frontend",
      "provider": "provider[\"registry.terraform.io/hashicorp/aws\"]",
      "instances": [
        {
          "schema_version": 0,
          "attributes": {
            "arn": "arn:aws:imagebuilder:eu-central-1:178344858845:distribution-configuration/frontend",
            "date_created": "2023-10-25T19:56:50.700Z",
            "date_updated": "",
            "description": "frontend",
            "distribution": [
              {
                "ami_distribution_configuration": [
                  {
                    "ami_tags": {
                      "Name": "frontend"
                    },
                    "description": "frontend",
                    "kms_key_id": "",
                    "launch_permission": [],
                    "name": "frontend-{{ imagebuilder:buildDate }}",
                    "target_account_ids": []
                  }
                ],
                "container_distribution_configuration": [],
                "fast_launch_configuration": [],
                "launch_template_configuration": [],
                "license_configuration_arns": [],
                "region": "eu-central-1"
              }
            ],
            "id": "arn:aws:imagebuilder:eu-central-1:178344858845:distribution-configuration/frontend",
            "name": "frontend",
            "tags": {
              "Name": "frontend"
            },
            "tags_all": {
              "Name": "frontend"
            }
          },
          "sensitive_attributes": [],
          "private": "bnVsbA=="
        }
      ]
    },
    {
      "mode": "managed",
      "type": "aws_imagebuilder_image",
      "name": "frontend",
      "provider": "provider[\"registry.terraform.io/hashicorp/aws\"]",
      "instances": [
        {
          "schema_version": 0,
          "attributes": {
            "arn": "arn:aws:imagebuilder:eu-central-1:178344858845:image/frontend/1.0.0/7",
            "container_recipe_arn": null,
            "date_created": "2023-10-27T10:41:39.627Z",
            "distribution_configuration_arn": "arn:aws:imagebuilder:eu-central-1:178344858845:distribution-configuration/frontend",
            "enhanced_image_metadata_enabled": true,
            "id": "arn:aws:imagebuilder:eu-central-1:178344858845:image/frontend/1.0.0/7",
            "image_recipe_arn": "arn:aws:imagebuilder:eu-central-1:178344858845:image-recipe/frontend/1.0.0",
            "image_tests_configuration": [
              {
                "image_tests_enabled": true,
                "timeout_minutes": 720
              }
            ],
            "infrastructure_configuration_arn": "arn:aws:imagebuilder:eu-central-1:178344858845:infrastructure-configuration/frontend",
            "name": "frontend",
            "os_version": "Amazon Linux 2",
            "output_resources": [
              {
                "amis": [
                  {
                    "account_id": "178344858845",
                    "description": "frontend",
                    "image": "ami-0ada6686cdd61ecb1",
                    "name": "frontend-2023-10-27T10-41-39.580Z",
                    "region": "eu-central-1"
                  }
                ],
                "containers": []
              }
            ],
            "platform": "Linux",
            "tags": {
              "Name": "frontend"
            },
            "tags_all": {
              "Name": "frontend"
            },
            "timeouts": null,
            "version": "1.0.0/7"
          },
          "sensitive_attributes": [],
          "private": "eyJlMmJmYjczMC1lY2FhLTExZTYtOGY4OC0zNDM2M2JjN2M0YzAiOnsiY3JlYXRlIjozNjAwMDAwMDAwMDAwfX0=",
          "dependencies": [
            "aws_iam_instance_profile.prod_image_builder",
            "aws_iam_role.prod_image_builder",
            "aws_imagebuilder_distribution_configuration.frontend",
            "aws_imagebuilder_image_recipe.frontend",
            "aws_imagebuilder_infrastructure_configuration.frontend",
            "aws_key_pair.fontend",
            "aws_s3_bucket.prod",
            "data.aws_iam_policy_document.policy_all"
          ]
        }
      ]
    },
    {
      "mode": "managed",
      "type": "aws_imagebuilder_image_recipe",
      "name": "frontend",
      "provider": "provider[\"registry.terraform.io/hashicorp/aws\"]",
      "instances": [
        {
          "schema_version": 0,
          "attributes": {
            "arn": "arn:aws:imagebuilder:eu-central-1:178344858845:image-recipe/frontend/1.0.0",
            "block_device_mapping": [
              {
                "device_name": "/dev/xvdb",
                "ebs": [
                  {
                    "delete_on_termination": "true",
                    "encrypted": "",
                    "iops": 0,
                    "kms_key_id": "",
                    "snapshot_id": "",
                    "throughput": 0,
                    "volume_size": 8,
                    "volume_type": "gp2"
                  }
                ],
                "no_device": false,
                "virtual_name": ""
              }
            ],
            "component": [
              {
                "component_arn": "arn:aws:imagebuilder:eu-central-1:aws:component/amazon-cloudwatch-agent-linux/x.x.x",
                "parameter": []
              },
              {
                "component_arn": "arn:aws:imagebuilder:eu-central-1:aws:component/update-linux/x.x.x",
                "parameter": []
              },
              {
                "component_arn": "arn:aws:imagebuilder:eu-central-1:aws:component/aws-codedeploy-agent-linux/x.x.x",
                "parameter": []
              },
              {
                "component_arn": "arn:aws:imagebuilder:eu-central-1:aws:component/simple-boot-test-linux/x.x.x",
                "parameter": []
              }
            ],
            "date_created": "2023-10-25T22:44:26.159Z",
            "description": "",
            "id": "arn:aws:imagebuilder:eu-central-1:178344858845:image-recipe/frontend/1.0.0",
            "name": "frontend",
            "owner": "178344858845",
            "parent_image": "arn:aws:imagebuilder:eu-central-1:aws:image/amazon-linux-2-x86/x.x.x",
            "platform": "Linux",
            "systems_manager_agent": [],
            "tags": {
              "Name": "frontend"
            },
            "tags_all": {
              "Name": "frontend"
            },
            "user_data_base64": null,
            "version": "1.0.0",
            "working_directory": "/tmp"
          },
          "sensitive_attributes": [],
          "private": "bnVsbA=="
        }
      ]
    },
    {
      "mode": "managed",
      "type": "aws_imagebuilder_infrastructure_configuration",
      "name": "frontend",
      "provider": "provider[\"registry.terraform.io/hashicorp/aws\"]",
      "instances": [
        {
          "schema_version": 0,
          "attributes": {
            "arn": "arn:aws:imagebuilder:eu-central-1:178344858845:infrastructure-configuration/frontend",
            "date_created": "2023-10-25T19:56:59.242Z",
            "date_updated": "2023-10-27T11:08:32.259Z",
            "description": "frontend",
            "id": "arn:aws:imagebuilder:eu-central-1:178344858845:infrastructure-configuration/frontend",
            "instance_metadata_options": [],
            "instance_profile_name": "prod_image_builder",
            "instance_types": [
              "t2.micro"
            ],
            "key_pair": "fontend_key_pair",
            "logging": [
              {
                "s3_logs": [
                  {
                    "s3_bucket_name": "terraform-20231027110437349100000001",
                    "s3_key_prefix": "logs"
                  }
                ]
              }
            ],
            "name": "frontend",
            "resource_tags": {},
            "security_group_ids": [],
            "sns_topic_arn": "",
            "subnet_id": "",
            "tags": {
              "Name": "frontend"
            },
            "tags_all": {
              "Name": "frontend"
            },
            "terminate_instance_on_failure": true
          },
          "sensitive_attributes": [],
          "private": "bnVsbA==",
          "dependencies": [
            "aws_iam_instance_profile.prod_image_builder",
            "aws_iam_role.prod_image_builder",
            "aws_key_pair.fontend",
            "aws_s3_bucket.prod",
            "data.aws_iam_policy_document.policy_all"
          ]
        }
      ]
    },
    {
      "mode": "managed",
      "type": "aws_internet_gateway",
      "name": "prod",
      "provider": "provider[\"registry.terraform.io/hashicorp/aws\"]",
      "instances": [
        {
          "schema_version": 0,
          "attributes": {
            "arn": "arn:aws:ec2:eu-central-1:178344858845:internet-gateway/igw-08c35d0615ca2f1e9",
            "id": "igw-08c35d0615ca2f1e9",
            "owner_id": "178344858845",
            "tags": {
              "Name": "production"
            },
            "tags_all": {
              "Name": "production"
            },
            "timeouts": null,
            "vpc_id": "vpc-0e6af1bd1fc430b94"
          },
          "sensitive_attributes": [],
          "private": "eyJlMmJmYjczMC1lY2FhLTExZTYtOGY4OC0zNDM2M2JjN2M0YzAiOnsiY3JlYXRlIjoxMjAwMDAwMDAwMDAwLCJkZWxldGUiOjEyMDAwMDAwMDAwMDAsInVwZGF0ZSI6MTIwMDAwMDAwMDAwMH19",
          "dependencies": [
            "aws_vpc.prod"
          ]
        }
      ]
    },
    {
      "mode": "managed",
      "type": "aws_key_pair",
      "name": "fontend",
      "provider": "provider[\"registry.terraform.io/hashicorp/aws\"]",
      "instances": [
        {
          "schema_version": 1,
          "attributes": {
            "arn": "arn:aws:ec2:eu-central-1:178344858845:key-pair/fontend_key_pair",
            "fingerprint": "66:75:6b:05:ae:01:eb:b9:1d:a2:bf:53:9a:4b:7e:3a",
            "id": "fontend_key_pair",
            "key_name": "fontend_key_pair",
            "key_name_prefix": "",
            "key_pair_id": "key-0073130f07fbfd0dc",
            "key_type": "rsa",
            "public_key": "ssh-rsa AAAAB3NzaC1yc2EAAAADAQABAAACAQDdxZ2Q02fQPMEaUEmvpNyvypq2daxuRhkBRRmYbJfwdLRMYE+zjK72QF/YRjuqMsLdEZ4K5vx2ITctZEmK+BFKpx5zBZAiD56BSOYC+DQy5NE350h1i5EhOPDAGjMR1enOuU3ZffK0iQ2ph0cYTsPLt1g22rpbG+Qjmxqtio9hA+pxtxUuEJ+ariNomHlawNr3zdssG2+jFOWebA6CaJK5u8+cWYDTbrf/vxevkUBHNkUNrIjFib8voPkMpCaNiLPhcTk2xyMapQiTQiGdguzFcQTPSvKARRI7uoh7FMyPviWNYEptu1WmXnHF6sNNwnVTqz2k7rJnIN59TEHYS2Ur+EIdgMDNCyfQC9hC5dl/XPhW528XEWtEifEC0i3zyZb6TUYkUSXVuqY+t3eMG4bZcezjGNB3nNg+K7HvN2MEf6sUBu2VxUX8Z7b1NP7XPwlchLpud9P99kxbu42y+wnF2bFNmvlye8lJB7tX1CxuFMAQj63VsKjjFt5aM0L0e5EfSwWgOPuFDKuOS6b/X8WISd5zippfU9Do84vdDRkmuCW1xD373Ui0HIt1aeaelvldazlfmZbITeJY59LulkcgCs/mfUEMDsizuzguR5EDYf9gwbE52cTay55a9XSy5VTFUA92m/yUuBsReZ+na0x6fCa7JGzVoyBUpMOIab4GVw== omer@omer-ASUS-TUF-Gaming-F17",
            "tags": {
              "Name": "frontend"
            },
            "tags_all": {
              "Name": "frontend"
            }
          },
          "sensitive_attributes": [],
          "private": "eyJzY2hlbWFfdmVyc2lvbiI6IjEifQ=="
        }
      ]
    },
    {
      "mode": "managed",
      "type": "aws_launch_template",
      "name": "frontend",
      "provider": "provider[\"registry.terraform.io/hashicorp/aws\"]",
      "instances": [
        {
          "schema_version": 0,
          "attributes": {
            "arn": "arn:aws:ec2:eu-central-1:178344858845:launch-template/lt-0366b69e187ae8586",
            "block_device_mappings": [],
            "capacity_reservation_specification": [],
            "cpu_options": [],
            "credit_specification": [],
            "default_version": 1,
            "description": "",
            "disable_api_stop": false,
            "disable_api_termination": false,
            "ebs_optimized": "",
            "elastic_gpu_specifications": [],
            "elastic_inference_accelerator": [],
            "enclave_options": [],
            "hibernation_options": [],
            "iam_instance_profile": [],
            "id": "lt-0366b69e187ae8586",
            "image_id": "ami-0ada6686cdd61ecb1",
            "instance_initiated_shutdown_behavior": "",
            "instance_market_options": [],
            "instance_requirements": [],
            "instance_type": "t2.micro",
            "kernel_id": "",
            "key_name": "",
            "latest_version": 4,
            "license_specification": [],
            "maintenance_options": [],
            "metadata_options": [],
            "monitoring": [],
            "name": "frontend",
            "name_prefix": "",
            "network_interfaces": [
              {
                "associate_carrier_ip_address": "",
                "associate_public_ip_address": "true",
                "delete_on_termination": "",
                "description": "",
                "device_index": 0,
                "interface_type": "",
                "ipv4_address_count": 0,
                "ipv4_addresses": [],
                "ipv4_prefix_count": 0,
                "ipv4_prefixes": [],
                "ipv6_address_count": 0,
                "ipv6_addresses": [],
                "ipv6_prefix_count": 0,
                "ipv6_prefixes": [],
                "network_card_index": 0,
                "network_interface_id": "",
                "private_ip_address": "",
                "security_groups": [],
                "subnet_id": ""
              }
            ],
            "placement": [],
            "private_dns_name_options": [],
            "ram_disk_id": "",
            "security_group_names": [],
            "tag_specifications": [],
            "tags": {
              "Name": "frontend"
            },
            "tags_all": {
              "Name": "frontend"
            },
            "update_default_version": null,
            "user_data": "",
            "vpc_security_group_ids": []
          },
          "sensitive_attributes": [],
          "private": "bnVsbA==",
          "dependencies": [
            "aws_iam_instance_profile.prod_image_builder",
            "aws_iam_role.prod_image_builder",
            "aws_imagebuilder_distribution_configuration.frontend",
            "aws_imagebuilder_image.frontend",
            "aws_imagebuilder_image_recipe.frontend",
            "aws_imagebuilder_infrastructure_configuration.frontend",
            "aws_key_pair.fontend",
            "aws_s3_bucket.prod",
            "data.aws_iam_policy_document.policy_all"
          ]
        }
      ]
    },
    {
      "mode": "managed",
      "type": "aws_lb",
      "name": "frontend",
      "provider": "provider[\"registry.terraform.io/hashicorp/aws\"]",
      "instances": [
        {
          "schema_version": 0,
          "attributes": {
            "access_logs": [
              {
                "bucket": "",
                "enabled": false,
                "prefix": ""
              }
            ],
            "arn": "arn:aws:elasticloadbalancing:eu-central-1:178344858845:loadbalancer/app/frontend/77f7c391002c9a34",
            "arn_suffix": "app/frontend/77f7c391002c9a34",
            "customer_owned_ipv4_pool": "",
            "desync_mitigation_mode": "defensive",
            "dns_name": "frontend-91249184.eu-central-1.elb.amazonaws.com",
            "drop_invalid_header_fields": false,
            "enable_cross_zone_load_balancing": true,
            "enable_deletion_protection": true,
            "enable_http2": true,
            "enable_tls_version_and_cipher_suite_headers": false,
            "enable_waf_fail_open": false,
            "enable_xff_client_port": false,
            "id": "arn:aws:elasticloadbalancing:eu-central-1:178344858845:loadbalancer/app/frontend/77f7c391002c9a34",
            "idle_timeout": 60,
            "internal": false,
            "ip_address_type": "ipv4",
            "load_balancer_type": "application",
            "name": "frontend",
            "name_prefix": null,
            "preserve_host_header": false,
            "security_groups": [
              "sg-03557a499802da70d"
            ],
            "subnet_mapping": [
              {
                "allocation_id": "",
                "ipv6_address": "",
                "outpost_id": "",
                "private_ipv4_address": "",
                "subnet_id": "subnet-00170f6a0a38058c2"
              },
              {
                "allocation_id": "",
                "ipv6_address": "",
                "outpost_id": "",
                "private_ipv4_address": "",
                "subnet_id": "subnet-092a99f77085b109e"
              }
            ],
            "subnets": [
              "subnet-00170f6a0a38058c2",
              "subnet-092a99f77085b109e"
            ],
            "tags": {
              "Name": "frontend"
            },
            "tags_all": {
              "Name": "frontend"
            },
            "timeouts": null,
            "vpc_id": "vpc-0e6af1bd1fc430b94",
            "xff_header_processing_mode": "append",
            "zone_id": "Z215JYRZR1TBD5"
          },
          "sensitive_attributes": [],
          "private": "eyJlMmJmYjczMC1lY2FhLTExZTYtOGY4OC0zNDM2M2JjN2M0YzAiOnsiY3JlYXRlIjo2MDAwMDAwMDAwMDAsImRlbGV0ZSI6NjAwMDAwMDAwMDAwLCJ1cGRhdGUiOjYwMDAwMDAwMDAwMH19",
          "dependencies": [
            "aws_security_group.frontend",
            "aws_subnet.prod_1",
            "aws_subnet.prod_2",
            "aws_vpc.prod"
          ]
        }
      ]
    },
    {
      "mode": "managed",
      "type": "aws_lb_listener",
      "name": "frontend",
      "provider": "provider[\"registry.terraform.io/hashicorp/aws\"]",
      "instances": [
        {
          "schema_version": 0,
          "attributes": {
            "alpn_policy": null,
            "arn": "arn:aws:elasticloadbalancing:eu-central-1:178344858845:listener/app/frontend/77f7c391002c9a34/0db2410a63233f9f",
            "certificate_arn": null,
            "default_action": [
              {
                "authenticate_cognito": [],
                "authenticate_oidc": [],
                "fixed_response": [],
                "forward": [],
                "order": 1,
                "redirect": [],
                "target_group_arn": "arn:aws:elasticloadbalancing:eu-central-1:178344858845:targetgroup/frontend/3dfd59c8d14b30ec",
                "type": "forward"
              }
            ],
            "id": "arn:aws:elasticloadbalancing:eu-central-1:178344858845:listener/app/frontend/77f7c391002c9a34/0db2410a63233f9f",
            "load_balancer_arn": "arn:aws:elasticloadbalancing:eu-central-1:178344858845:loadbalancer/app/frontend/77f7c391002c9a34",
            "port": 80,
            "protocol": "HTTP",
            "ssl_policy": "",
            "tags": {
              "Name": "frontend"
            },
            "tags_all": {
              "Name": "frontend"
            },
            "timeouts": null
          },
          "sensitive_attributes": [],
          "private": "eyJlMmJmYjczMC1lY2FhLTExZTYtOGY4OC0zNDM2M2JjN2M0YzAiOnsicmVhZCI6NjAwMDAwMDAwMDAwfX0=",
          "dependencies": [
            "aws_lb.frontend",
            "aws_lb_target_group.frontend",
            "aws_security_group.frontend",
            "aws_subnet.prod_1",
            "aws_subnet.prod_2",
            "aws_vpc.prod"
          ]
        }
      ]
    },
    {
      "mode": "managed",
      "type": "aws_lb_target_group",
      "name": "frontend",
      "provider": "provider[\"registry.terraform.io/hashicorp/aws\"]",
      "instances": [
        {
          "schema_version": 0,
          "attributes": {
            "arn": "arn:aws:elasticloadbalancing:eu-central-1:178344858845:targetgroup/frontend/3dfd59c8d14b30ec",
            "arn_suffix": "targetgroup/frontend/3dfd59c8d14b30ec",
            "connection_termination": false,
            "deregistration_delay": "300",
            "health_check": [
              {
                "enabled": true,
                "healthy_threshold": 5,
                "interval": 30,
                "matcher": "200",
                "path": "/",
                "port": "traffic-port",
                "protocol": "HTTP",
                "timeout": 5,
                "unhealthy_threshold": 2
              }
            ],
            "id": "arn:aws:elasticloadbalancing:eu-central-1:178344858845:targetgroup/frontend/3dfd59c8d14b30ec",
            "ip_address_type": "ipv4",
            "lambda_multi_value_headers_enabled": false,
            "load_balancing_algorithm_type": "round_robin",
            "load_balancing_cross_zone_enabled": "use_load_balancer_configuration",
            "name": "frontend",
            "name_prefix": null,
            "port": 80,
            "preserve_client_ip": null,
            "protocol": "HTTP",
            "protocol_version": "HTTP1",
            "proxy_protocol_v2": false,
            "slow_start": 0,
            "stickiness": [
              {
                "cookie_duration": 86400,
                "cookie_name": "",
                "enabled": false,
                "type": "lb_cookie"
              }
            ],
            "tags": {
              "Name": "frontend"
            },
            "tags_all": {
              "Name": "frontend"
            },
            "target_failover": [
              {
                "on_deregistration": null,
                "on_unhealthy": null
              }
            ],
            "target_type": "instance",
            "vpc_id": "vpc-0e6af1bd1fc430b94"
          },
          "sensitive_attributes": [],
          "private": "bnVsbA==",
          "dependencies": [
            "aws_vpc.prod"
          ]
        }
      ]
    },
    {
      "mode": "managed",
      "type": "aws_network_interface",
      "name": "frontend",
      "provider": "provider[\"registry.terraform.io/hashicorp/aws\"]",
      "instances": [
        {
          "schema_version": 0,
          "attributes": {
            "arn": "arn:aws:ec2:eu-central-1:178344858845:network-interface/eni-071c6fe50b9bb8da8",
            "attachment": [],
            "description": "",
            "id": "eni-071c6fe50b9bb8da8",
            "interface_type": "interface",
            "ipv4_prefix_count": 0,
            "ipv4_prefixes": [],
            "ipv6_address_count": 0,
            "ipv6_address_list": [],
            "ipv6_address_list_enabled": false,
            "ipv6_addresses": [],
            "ipv6_prefix_count": 0,
            "ipv6_prefixes": [],
            "mac_address": "02:80:94:45:0a:81",
            "outpost_arn": "",
            "owner_id": "178344858845",
            "private_dns_name": "",
            "private_ip": "10.0.1.51",
            "private_ip_list": [
              "10.0.1.51",
              "10.0.1.52",
              "10.0.1.53",
              "10.0.1.54",
              "10.0.1.50",
              "10.0.1.55",
              "10.0.1.56"
            ],
            "private_ip_list_enabled": false,
            "private_ips": [
              "10.0.1.50",
              "10.0.1.51",
              "10.0.1.52",
              "10.0.1.53",
              "10.0.1.54",
              "10.0.1.55",
              "10.0.1.56"
            ],
            "private_ips_count": 6,
            "security_groups": [
              "sg-03557a499802da70d"
            ],
            "source_dest_check": true,
            "subnet_id": "subnet-00170f6a0a38058c2",
            "tags": {
              "Name": "frontend"
            },
            "tags_all": {
              "Name": "frontend"
            }
          },
          "sensitive_attributes": [],
          "private": "bnVsbA==",
          "dependencies": [
            "aws_security_group.frontend",
            "aws_subnet.prod_1",
            "aws_vpc.prod"
          ]
        }
      ]
    },
    {
      "mode": "managed",
      "type": "aws_route_table",
      "name": "prod",
      "provider": "provider[\"registry.terraform.io/hashicorp/aws\"]",
      "instances": [
        {
          "schema_version": 0,
          "attributes": {
            "arn": "arn:aws:ec2:eu-central-1:178344858845:route-table/rtb-089f736a96b7ac108",
            "id": "rtb-089f736a96b7ac108",
            "owner_id": "178344858845",
            "propagating_vgws": [],
            "route": [
              {
                "carrier_gateway_id": "",
                "cidr_block": "",
                "core_network_arn": "",
                "destination_prefix_list_id": "",
                "egress_only_gateway_id": "",
                "gateway_id": "igw-08c35d0615ca2f1e9",
                "instance_id": "",
                "ipv6_cidr_block": "::/0",
                "local_gateway_id": "",
                "nat_gateway_id": "",
                "network_interface_id": "",
                "transit_gateway_id": "",
                "vpc_endpoint_id": "",
                "vpc_peering_connection_id": ""
              },
              {
                "carrier_gateway_id": "",
                "cidr_block": "0.0.0.0/0",
                "core_network_arn": "",
                "destination_prefix_list_id": "",
                "egress_only_gateway_id": "",
                "gateway_id": "igw-08c35d0615ca2f1e9",
                "instance_id": "",
                "ipv6_cidr_block": "",
                "local_gateway_id": "",
                "nat_gateway_id": "",
                "network_interface_id": "",
                "transit_gateway_id": "",
                "vpc_endpoint_id": "",
                "vpc_peering_connection_id": ""
              }
            ],
            "tags": {
              "Name": "production"
            },
            "tags_all": {
              "Name": "production"
            },
            "timeouts": null,
            "vpc_id": "vpc-0e6af1bd1fc430b94"
          },
          "sensitive_attributes": [],
          "private": "eyJlMmJmYjczMC1lY2FhLTExZTYtOGY4OC0zNDM2M2JjN2M0YzAiOnsiY3JlYXRlIjozMDAwMDAwMDAwMDAsImRlbGV0ZSI6MzAwMDAwMDAwMDAwLCJ1cGRhdGUiOjEyMDAwMDAwMDAwMH19",
          "dependencies": [
            "aws_internet_gateway.prod",
            "aws_vpc.prod"
          ]
        }
      ]
    },
    {
      "mode": "managed",
      "type": "aws_route_table_association",
      "name": "prod_1",
      "provider": "provider[\"registry.terraform.io/hashicorp/aws\"]",
      "instances": [
        {
          "schema_version": 0,
          "attributes": {
            "gateway_id": "",
            "id": "rtbassoc-0bb07308ab6532b18",
            "route_table_id": "rtb-089f736a96b7ac108",
            "subnet_id": "subnet-00170f6a0a38058c2",
            "timeouts": null
          },
          "sensitive_attributes": [],
          "private": "eyJlMmJmYjczMC1lY2FhLTExZTYtOGY4OC0zNDM2M2JjN2M0YzAiOnsiY3JlYXRlIjozMDAwMDAwMDAwMDAsImRlbGV0ZSI6MzAwMDAwMDAwMDAwLCJ1cGRhdGUiOjEyMDAwMDAwMDAwMH19",
          "dependencies": [
            "aws_internet_gateway.prod",
            "aws_route_table.prod",
            "aws_subnet.prod_1",
            "aws_vpc.prod"
          ]
        }
      ]
    },
    {
      "mode": "managed",
      "type": "aws_route_table_association",
      "name": "prod_2",
      "provider": "provider[\"registry.terraform.io/hashicorp/aws\"]",
      "instances": [
        {
          "schema_version": 0,
          "attributes": {
            "gateway_id": "",
            "id": "rtbassoc-0ce47a1e4e4fe0967",
            "route_table_id": "rtb-089f736a96b7ac108",
            "subnet_id": "subnet-092a99f77085b109e",
            "timeouts": null
          },
          "sensitive_attributes": [],
          "private": "eyJlMmJmYjczMC1lY2FhLTExZTYtOGY4OC0zNDM2M2JjN2M0YzAiOnsiY3JlYXRlIjozMDAwMDAwMDAwMDAsImRlbGV0ZSI6MzAwMDAwMDAwMDAwLCJ1cGRhdGUiOjEyMDAwMDAwMDAwMH19",
          "dependencies": [
            "aws_internet_gateway.prod",
            "aws_route_table.prod",
            "aws_subnet.prod_2",
            "aws_vpc.prod"
          ]
        }
      ]
    },
    {
      "mode": "managed",
      "type": "aws_s3_bucket",
      "name": "prod",
      "provider": "provider[\"registry.terraform.io/hashicorp/aws\"]",
      "instances": [
        {
          "schema_version": 0,
          "attributes": {
            "acceleration_status": "",
            "acl": null,
            "arn": "arn:aws:s3:::terraform-20231027110437349100000001",
            "bucket": "terraform-20231027110437349100000001",
            "bucket_domain_name": "terraform-20231027110437349100000001.s3.amazonaws.com",
            "bucket_prefix": "terraform-",
            "bucket_regional_domain_name": "terraform-20231027110437349100000001.s3.eu-central-1.amazonaws.com",
            "cors_rule": [],
            "force_destroy": false,
            "grant": [
              {
                "id": "c083fffbecccb64531bc71501791baf1f2b697816d8e38e4e2123d5bea8c1a49",
                "permissions": [
                  "FULL_CONTROL"
                ],
                "type": "CanonicalUser",
                "uri": ""
              }
            ],
            "hosted_zone_id": "Z21DNDUVLTQW6Q",
            "id": "terraform-20231027110437349100000001",
            "lifecycle_rule": [],
            "logging": [],
            "object_lock_configuration": [],
            "object_lock_enabled": false,
            "policy": "",
            "region": "eu-central-1",
            "replication_configuration": [],
            "request_payer": "BucketOwner",
            "server_side_encryption_configuration": [
              {
                "rule": [
                  {
                    "apply_server_side_encryption_by_default": [
                      {
                        "kms_master_key_id": "",
                        "sse_algorithm": "AES256"
                      }
                    ],
                    "bucket_key_enabled": false
                  }
                ]
              }
            ],
            "tags": {
              "Name": "production"
            },
            "tags_all": {
              "Name": "production"
            },
            "timeouts": null,
            "versioning": [
              {
                "enabled": false,
                "mfa_delete": false
              }
            ],
            "website": [],
            "website_domain": null,
            "website_endpoint": null
          },
          "sensitive_attributes": [],
          "private": "eyJlMmJmYjczMC1lY2FhLTExZTYtOGY4OC0zNDM2M2JjN2M0YzAiOnsiY3JlYXRlIjoxMjAwMDAwMDAwMDAwLCJkZWxldGUiOjM2MDAwMDAwMDAwMDAsInJlYWQiOjEyMDAwMDAwMDAwMDAsInVwZGF0ZSI6MTIwMDAwMDAwMDAwMH19"
        }
      ]
    },
    {
      "mode": "managed",
      "type": "aws_security_group",
      "name": "frontend",
      "provider": "provider[\"registry.terraform.io/hashicorp/aws\"]",
      "instances": [
        {
          "schema_version": 1,
          "attributes": {
            "arn": "arn:aws:ec2:eu-central-1:178344858845:security-group/sg-03557a499802da70d",
            "description": "frontend security group",
            "egress": [
              {
                "cidr_blocks": [
                  "0.0.0.0/0"
                ],
                "description": "",
                "from_port": 0,
                "ipv6_cidr_blocks": [
                  "::/0"
                ],
                "prefix_list_ids": [],
                "protocol": "-1",
                "security_groups": [],
                "self": false,
                "to_port": 0
              }
            ],
            "id": "sg-03557a499802da70d",
            "ingress": [
              {
                "cidr_blocks": [
                  "0.0.0.0/0"
                ],
                "description": "HTTP",
                "from_port": 80,
                "ipv6_cidr_blocks": [],
                "prefix_list_ids": [],
                "protocol": "tcp",
                "security_groups": [],
                "self": false,
                "to_port": 80
              },
              {
                "cidr_blocks": [
                  "0.0.0.0/0"
                ],
                "description": "HTTPS",
                "from_port": 443,
                "ipv6_cidr_blocks": [],
                "prefix_list_ids": [],
                "protocol": "tcp",
                "security_groups": [],
                "self": false,
                "to_port": 443
              }
            ],
            "name": "security_group_frontend",
            "name_prefix": "",
            "owner_id": "178344858845",
            "revoke_rules_on_delete": false,
            "tags": {
              "Name": "frontend"
            },
            "tags_all": {
              "Name": "frontend"
            },
            "timeouts": null,
            "vpc_id": "vpc-0e6af1bd1fc430b94"
          },
          "sensitive_attributes": [],
          "private": "eyJlMmJmYjczMC1lY2FhLTExZTYtOGY4OC0zNDM2M2JjN2M0YzAiOnsiY3JlYXRlIjo2MDAwMDAwMDAwMDAsImRlbGV0ZSI6OTAwMDAwMDAwMDAwfSwic2NoZW1hX3ZlcnNpb24iOiIxIn0=",
          "dependencies": [
            "aws_vpc.prod"
          ]
        }
      ]
    },
    {
      "mode": "managed",
      "type": "aws_subnet",
      "name": "prod_1",
      "provider": "provider[\"registry.terraform.io/hashicorp/aws\"]",
      "instances": [
        {
          "schema_version": 1,
          "attributes": {
            "arn": "arn:aws:ec2:eu-central-1:178344858845:subnet/subnet-00170f6a0a38058c2",
            "assign_ipv6_address_on_creation": false,
            "availability_zone": "eu-central-1a",
            "availability_zone_id": "euc1-az2",
            "cidr_block": "10.0.1.0/24",
            "customer_owned_ipv4_pool": "",
            "enable_dns64": false,
            "enable_lni_at_device_index": 0,
            "enable_resource_name_dns_a_record_on_launch": false,
            "enable_resource_name_dns_aaaa_record_on_launch": false,
            "id": "subnet-00170f6a0a38058c2",
            "ipv6_cidr_block": "",
            "ipv6_cidr_block_association_id": "",
            "ipv6_native": false,
            "map_customer_owned_ip_on_launch": false,
            "map_public_ip_on_launch": false,
            "outpost_arn": "",
            "owner_id": "178344858845",
            "private_dns_hostname_type_on_launch": "ip-name",
            "tags": {
              "Name": "production"
            },
            "tags_all": {
              "Name": "production"
            },
            "timeouts": null,
            "vpc_id": "vpc-0e6af1bd1fc430b94"
          },
          "sensitive_attributes": [],
          "private": "eyJlMmJmYjczMC1lY2FhLTExZTYtOGY4OC0zNDM2M2JjN2M0YzAiOnsiY3JlYXRlIjo2MDAwMDAwMDAwMDAsImRlbGV0ZSI6MTIwMDAwMDAwMDAwMH0sInNjaGVtYV92ZXJzaW9uIjoiMSJ9",
          "dependencies": [
            "aws_vpc.prod"
          ]
        }
      ]
    },
    {
      "mode": "managed",
      "type": "aws_subnet",
      "name": "prod_2",
      "provider": "provider[\"registry.terraform.io/hashicorp/aws\"]",
      "instances": [
        {
          "schema_version": 1,
          "attributes": {
            "arn": "arn:aws:ec2:eu-central-1:178344858845:subnet/subnet-092a99f77085b109e",
            "assign_ipv6_address_on_creation": false,
            "availability_zone": "eu-central-1b",
            "availability_zone_id": "euc1-az3",
            "cidr_block": "10.0.2.0/24",
            "customer_owned_ipv4_pool": "",
            "enable_dns64": false,
            "enable_lni_at_device_index": 0,
            "enable_resource_name_dns_a_record_on_launch": false,
            "enable_resource_name_dns_aaaa_record_on_launch": false,
            "id": "subnet-092a99f77085b109e",
            "ipv6_cidr_block": "",
            "ipv6_cidr_block_association_id": "",
            "ipv6_native": false,
            "map_customer_owned_ip_on_launch": false,
            "map_public_ip_on_launch": false,
            "outpost_arn": "",
            "owner_id": "178344858845",
            "private_dns_hostname_type_on_launch": "ip-name",
            "tags": {
              "Name": "production"
            },
            "tags_all": {
              "Name": "production"
            },
            "timeouts": null,
            "vpc_id": "vpc-0e6af1bd1fc430b94"
          },
          "sensitive_attributes": [],
          "private": "eyJlMmJmYjczMC1lY2FhLTExZTYtOGY4OC0zNDM2M2JjN2M0YzAiOnsiY3JlYXRlIjo2MDAwMDAwMDAwMDAsImRlbGV0ZSI6MTIwMDAwMDAwMDAwMH0sInNjaGVtYV92ZXJzaW9uIjoiMSJ9",
          "dependencies": [
            "aws_vpc.prod"
          ]
        }
      ]
    },
    {
      "mode": "managed",
      "type": "aws_vpc",
      "name": "prod",
      "provider": "provider[\"registry.terraform.io/hashicorp/aws\"]",
      "instances": [
        {
          "schema_version": 1,
          "attributes": {
            "arn": "arn:aws:ec2:eu-central-1:178344858845:vpc/vpc-0e6af1bd1fc430b94",
            "assign_generated_ipv6_cidr_block": false,
            "cidr_block": "10.0.0.0/16",
            "default_network_acl_id": "acl-02cb905237c8d53be",
            "default_route_table_id": "rtb-01638855ea5d86703",
            "default_security_group_id": "sg-069cbf2571fbf8a87",
            "dhcp_options_id": "dopt-03e81fa6e131921a6",
            "enable_classiclink": false,
            "enable_classiclink_dns_support": false,
            "enable_dns_hostnames": false,
            "enable_dns_support": true,
            "enable_network_address_usage_metrics": false,
            "id": "vpc-0e6af1bd1fc430b94",
            "instance_tenancy": "default",
            "ipv4_ipam_pool_id": null,
            "ipv4_netmask_length": null,
            "ipv6_association_id": "",
            "ipv6_cidr_block": "",
            "ipv6_cidr_block_network_border_group": "",
            "ipv6_ipam_pool_id": "",
            "ipv6_netmask_length": 0,
            "main_route_table_id": "rtb-01638855ea5d86703",
            "owner_id": "178344858845",
            "tags": {
              "Name": "production"
            },
            "tags_all": {
              "Name": "production"
            }
          },
          "sensitive_attributes": [],
          "private": "eyJzY2hlbWFfdmVyc2lvbiI6IjEifQ=="
        }
      ]
    }
  ],
  "check_results": null
}
