{
  "version": 4,
  "terraform_version": "1.6.1",
  "serial": 90,
  "lineage": "7cb303bf-0b3d-08c9-8984-b8ed185a2753",
  "outputs": {
    "frontend_public_ip": {
      "value": "34.229.36.101",
      "type": "string"
    }
  },
  "resources": [
    {
      "mode": "data",
      "type": "aws_ami",
      "name": "frontend",
      "provider": "provider[\"registry.terraform.io/hashicorp/aws\"]",
      "instances": [
        {
          "schema_version": 0,
          "attributes": {
            "architecture": "x86_64",
            "arn": "arn:aws:ec2:us-east-1::image/ami-0a6e38961e6e621b0",
            "block_device_mappings": [
              {
                "device_name": "/dev/sda1",
                "ebs": {
                  "delete_on_termination": "true",
                  "encrypted": "false",
                  "iops": "0",
                  "snapshot_id": "snap-0784f16460db1f6c1",
                  "throughput": "0",
                  "volume_size": "8",
                  "volume_type": "gp2"
                },
                "no_device": "",
                "virtual_name": ""
              },
              {
                "device_name": "/dev/sdb",
                "ebs": {},
                "no_device": "",
                "virtual_name": "ephemeral0"
              },
              {
                "device_name": "/dev/sdc",
                "ebs": {},
                "no_device": "",
                "virtual_name": "ephemeral1"
              }
            ],
            "boot_mode": "legacy-bios",
            "creation_date": "2023-10-05T00:07:48.000Z",
            "deprecation_time": "2025-10-05T00:07:48.000Z",
            "description": "Canonical, Ubuntu, 20.04 LTS, amd64 focal image build on 2023-10-04",
            "ena_support": true,
            "executable_users": null,
            "filter": [
              {
                "name": "name",
                "values": [
                  "ubuntu/images/hvm-ssd/ubuntu-focal-20.04-amd64-server-*"
                ]
              },
              {
                "name": "virtualization-type",
                "values": [
                  "hvm"
                ]
              }
            ],
            "hypervisor": "xen",
            "id": "ami-0a6e38961e6e621b0",
            "image_id": "ami-0a6e38961e6e621b0",
            "image_location": "amazon/ubuntu/images/hvm-ssd/ubuntu-focal-20.04-amd64-server-20231004",
            "image_owner_alias": "amazon",
            "image_type": "machine",
            "imds_support": "",
            "include_deprecated": false,
            "kernel_id": "",
            "most_recent": true,
            "name": "ubuntu/images/hvm-ssd/ubuntu-focal-20.04-amd64-server-20231004",
            "name_regex": null,
            "owner_id": "099720109477",
            "owners": [
              "099720109477"
            ],
            "platform": "",
            "platform_details": "Linux/UNIX",
            "product_codes": [],
            "public": true,
            "ramdisk_id": "",
            "root_device_name": "/dev/sda1",
            "root_device_type": "ebs",
            "root_snapshot_id": "snap-0784f16460db1f6c1",
            "sriov_net_support": "simple",
            "state": "available",
            "state_reason": {
              "code": "UNSET",
              "message": "UNSET"
            },
            "tags": {},
            "timeouts": null,
            "tpm_support": "",
            "usage_operation": "RunInstances",
            "virtualization_type": "hvm"
          },
          "sensitive_attributes": []
        }
      ]
    },
    {
      "mode": "managed",
      "type": "aws_eip",
      "name": "frontend",
      "provider": "provider[\"registry.terraform.io/hashicorp/aws\"]",
      "instances": [
        {
          "schema_version": 0,
          "attributes": {
            "address": null,
            "allocation_id": "eipalloc-0ce7408bdca72cbc6",
            "associate_with_private_ip": "10.0.1.50",
            "association_id": "eipassoc-0a731ab51533d2344",
            "carrier_ip": "",
            "customer_owned_ip": "",
            "customer_owned_ipv4_pool": "",
            "domain": "vpc",
            "id": "eipalloc-0ce7408bdca72cbc6",
            "instance": "i-04ff843bef3cde537",
            "network_border_group": "us-east-1",
            "network_interface": "eni-0dbe02632d8fc7e62",
            "private_dns": "ip-10-0-1-50.ec2.internal",
            "private_ip": "10.0.1.50",
            "public_dns": "ec2-34-229-36-101.compute-1.amazonaws.com",
            "public_ip": "34.229.36.101",
            "public_ipv4_pool": "amazon",
            "tags": {
              "Name": "frontend"
            },
            "tags_all": {
              "Name": "frontend"
            },
            "timeouts": null,
            "vpc": true
          },
          "sensitive_attributes": [],
          "private": "eyJlMmJmYjczMC1lY2FhLTExZTYtOGY4OC0zNDM2M2JjN2M0YzAiOnsiZGVsZXRlIjoxODAwMDAwMDAwMDAsInJlYWQiOjkwMDAwMDAwMDAwMCwidXBkYXRlIjozMDAwMDAwMDAwMDB9fQ==",
          "dependencies": [
            "aws_internet_gateway.prod",
            "aws_network_interface.frontend",
            "aws_security_group.frontend",
            "aws_subnet.prod",
            "aws_vpc.prod"
          ]
        }
      ]
    },
    {
      "mode": "managed",
      "type": "aws_internet_gateway",
      "name": "prod",
      "provider": "provider[\"registry.terraform.io/hashicorp/aws\"]",
      "instances": [
        {
          "schema_version": 0,
          "attributes": {
            "arn": "arn:aws:ec2:us-east-1:178344858845:internet-gateway/igw-0e89597d9fc336472",
            "id": "igw-0e89597d9fc336472",
            "owner_id": "178344858845",
            "tags": {
              "Name": "production"
            },
            "tags_all": {
              "Name": "production"
            },
            "timeouts": null,
            "vpc_id": "vpc-0f5498b8e8928e97e"
          },
          "sensitive_attributes": [],
          "private": "eyJlMmJmYjczMC1lY2FhLTExZTYtOGY4OC0zNDM2M2JjN2M0YzAiOnsiY3JlYXRlIjoxMjAwMDAwMDAwMDAwLCJkZWxldGUiOjEyMDAwMDAwMDAwMDAsInVwZGF0ZSI6MTIwMDAwMDAwMDAwMH19",
          "dependencies": [
            "aws_vpc.prod"
          ]
        }
      ]
    },
    {
      "mode": "managed",
      "type": "aws_key_pair",
      "name": "fontend",
      "provider": "provider[\"registry.terraform.io/hashicorp/aws\"]",
      "instances": [
        {
          "schema_version": 1,
          "attributes": {
            "arn": "arn:aws:ec2:us-east-1:178344858845:key-pair/fontend_key_pair",
            "fingerprint": "a8:0b:c8:6c:38:6f:01:22:e5:9c:b9:8c:e8:82:41:51",
            "id": "fontend_key_pair",
            "key_name": "fontend_key_pair",
            "key_name_prefix": "",
            "key_pair_id": "key-0cc4835d67ed7099e",
            "key_type": "rsa",
            "public_key": "ssh-rsa AAAAB3NzaC1yc2EAAAADAQABAAACAQDHL4ABZNc3OZoXpC2PlrcLyiq92Xg8P7SleKPj6bKEQVtEYJAe89KlGQ/35kSdbrFUqFxBj54ICBzZUc0ypBv5ZfR5z4pGszsRwMg4oDlCphvBE4yriTmo7HVb1xf6wBGDK31LmyqCaS4/1Unpw7LoncggEiBgWQ2g4vEgDgz5SWL9uwSz/39vpL4Mouc2O2MJ98NGQgAQw1mXyHegEEHcmt+f4DQm8vplUr/RG6vTmZ7JPVHnsZZ+psmvhjiMM5I9LiKTF0pcaQ+b3fva6lE0b+IRsLWaRAein0X20F/vjX5sib93JbqHDF8R9Yb5zTBDCTCa3pYOiyVI4P/jY9GpmAXywplhcjM3oVDiv0lzpYaN+TbXkRothwndoYjALGXiQANgqcghpXMkopR03gTeLbJAyb0sL8Cm7BmoJ1t1aNjMOZwx6lEFscs1pRkkcaUYA3ot17ThjzxO8EDB/yTmE8B/QDHUgUlV8INiHrt99TTIGKGcGNn/nwTgn84dE29Bn8lSBKE5iQh/UMqGkvrFSQBkwQIYMNY6yqCyvsysRKSEEfTfRKu611tASShvXAzXLfrsrYb8DsOC8+J2In3OzVVxPvkdfkwRAORgalJPawn0e1fThHFohIlZygEJNkvBDnDuG2nhSCRqkB2Men3szmVsAfR/shlc4VpZtAicdQ==",
            "tags": {},
            "tags_all": {}
          },
          "sensitive_attributes": [],
          "private": "eyJzY2hlbWFfdmVyc2lvbiI6IjEifQ==",
          "dependencies": [
            "tls_private_key.fontend"
          ]
        }
      ]
    },
    {
      "mode": "managed",
      "type": "aws_network_interface",
      "name": "frontend",
      "provider": "provider[\"registry.terraform.io/hashicorp/aws\"]",
      "instances": [
        {
          "schema_version": 0,
          "attributes": {
            "arn": "arn:aws:ec2:us-east-1:178344858845:network-interface/eni-0dbe02632d8fc7e62",
            "attachment": [
              {
                "attachment_id": "eni-attach-01ab45b6a5a26d9d5",
                "device_index": 0,
                "instance": "i-04ff843bef3cde537"
              }
            ],
            "description": "",
            "id": "eni-0dbe02632d8fc7e62",
            "interface_type": "interface",
            "ipv4_prefix_count": 0,
            "ipv4_prefixes": [],
            "ipv6_address_count": 0,
            "ipv6_address_list": [],
            "ipv6_address_list_enabled": false,
            "ipv6_addresses": [],
            "ipv6_prefix_count": 0,
            "ipv6_prefixes": [],
            "mac_address": "12:d5:4f:35:48:a5",
            "outpost_arn": "",
            "owner_id": "178344858845",
            "private_dns_name": "",
            "private_ip": "10.0.1.50",
            "private_ip_list": [
              "10.0.1.50"
            ],
            "private_ip_list_enabled": false,
            "private_ips": [
              "10.0.1.50"
            ],
            "private_ips_count": 0,
            "security_groups": [
              "sg-02f156083124d23f8"
            ],
            "source_dest_check": true,
            "subnet_id": "subnet-00978b6684ffd9f52",
            "tags": {
              "Name": "frontend"
            },
            "tags_all": {
              "Name": "frontend"
            }
          },
          "sensitive_attributes": [],
          "private": "bnVsbA==",
          "dependencies": [
            "aws_security_group.frontend",
            "aws_subnet.prod",
            "aws_vpc.prod"
          ]
        }
      ]
    },
    {
      "mode": "managed",
      "type": "aws_route_table",
      "name": "prod",
      "provider": "provider[\"registry.terraform.io/hashicorp/aws\"]",
      "instances": [
        {
          "schema_version": 0,
          "attributes": {
            "arn": "arn:aws:ec2:us-east-1:178344858845:route-table/rtb-002928b0977ae5daf",
            "id": "rtb-002928b0977ae5daf",
            "owner_id": "178344858845",
            "propagating_vgws": [],
            "route": [
              {
                "carrier_gateway_id": "",
                "cidr_block": "",
                "core_network_arn": "",
                "destination_prefix_list_id": "",
                "egress_only_gateway_id": "",
                "gateway_id": "igw-0e89597d9fc336472",
                "instance_id": "",
                "ipv6_cidr_block": "::/0",
                "local_gateway_id": "",
                "nat_gateway_id": "",
                "network_interface_id": "",
                "transit_gateway_id": "",
                "vpc_endpoint_id": "",
                "vpc_peering_connection_id": ""
              },
              {
                "carrier_gateway_id": "",
                "cidr_block": "0.0.0.0/0",
                "core_network_arn": "",
                "destination_prefix_list_id": "",
                "egress_only_gateway_id": "",
                "gateway_id": "igw-0e89597d9fc336472",
                "instance_id": "",
                "ipv6_cidr_block": "",
                "local_gateway_id": "",
                "nat_gateway_id": "",
                "network_interface_id": "",
                "transit_gateway_id": "",
                "vpc_endpoint_id": "",
                "vpc_peering_connection_id": ""
              }
            ],
            "tags": {
              "Name": "production"
            },
            "tags_all": {
              "Name": "production"
            },
            "timeouts": null,
            "vpc_id": "vpc-0f5498b8e8928e97e"
          },
          "sensitive_attributes": [],
          "private": "eyJlMmJmYjczMC1lY2FhLTExZTYtOGY4OC0zNDM2M2JjN2M0YzAiOnsiY3JlYXRlIjozMDAwMDAwMDAwMDAsImRlbGV0ZSI6MzAwMDAwMDAwMDAwLCJ1cGRhdGUiOjEyMDAwMDAwMDAwMH19",
          "dependencies": [
            "aws_internet_gateway.prod",
            "aws_vpc.prod"
          ]
        }
      ]
    },
    {
      "mode": "managed",
      "type": "aws_route_table_association",
      "name": "prod",
      "provider": "provider[\"registry.terraform.io/hashicorp/aws\"]",
      "instances": [
        {
          "schema_version": 0,
          "attributes": {
            "gateway_id": "",
            "id": "rtbassoc-09d628b298c440329",
            "route_table_id": "rtb-002928b0977ae5daf",
            "subnet_id": "subnet-00978b6684ffd9f52",
            "timeouts": null
          },
          "sensitive_attributes": [],
          "private": "eyJlMmJmYjczMC1lY2FhLTExZTYtOGY4OC0zNDM2M2JjN2M0YzAiOnsiY3JlYXRlIjozMDAwMDAwMDAwMDAsImRlbGV0ZSI6MzAwMDAwMDAwMDAwLCJ1cGRhdGUiOjEyMDAwMDAwMDAwMH19",
          "dependencies": [
            "aws_internet_gateway.prod",
            "aws_route_table.prod",
            "aws_subnet.prod",
            "aws_vpc.prod"
          ]
        }
      ]
    },
    {
      "mode": "managed",
      "type": "aws_security_group",
      "name": "frontend",
      "provider": "provider[\"registry.terraform.io/hashicorp/aws\"]",
      "instances": [
        {
          "schema_version": 1,
          "attributes": {
            "arn": "arn:aws:ec2:us-east-1:178344858845:security-group/sg-02f156083124d23f8",
            "description": "frontend security group",
            "egress": [
              {
                "cidr_blocks": [
                  "0.0.0.0/0"
                ],
                "description": "",
                "from_port": 0,
                "ipv6_cidr_blocks": [
                  "::/0"
                ],
                "prefix_list_ids": [],
                "protocol": "-1",
                "security_groups": [],
                "self": false,
                "to_port": 0
              }
            ],
            "id": "sg-02f156083124d23f8",
            "ingress": [
              {
                "cidr_blocks": [
                  "0.0.0.0/0"
                ],
                "description": "HTTP",
                "from_port": 80,
                "ipv6_cidr_blocks": [],
                "prefix_list_ids": [],
                "protocol": "tcp",
                "security_groups": [],
                "self": false,
                "to_port": 80
              },
              {
                "cidr_blocks": [
                  "0.0.0.0/0"
                ],
                "description": "HTTPS",
                "from_port": 443,
                "ipv6_cidr_blocks": [],
                "prefix_list_ids": [],
                "protocol": "tcp",
                "security_groups": [],
                "self": false,
                "to_port": 443
              },
              {
                "cidr_blocks": [
                  "0.0.0.0/0"
                ],
                "description": "SSH",
                "from_port": 22,
                "ipv6_cidr_blocks": [],
                "prefix_list_ids": [],
                "protocol": "tcp",
                "security_groups": [],
                "self": false,
                "to_port": 22
              }
            ],
            "name": "security_group_frontend",
            "name_prefix": "",
            "owner_id": "178344858845",
            "revoke_rules_on_delete": false,
            "tags": {
              "Name": "frontend"
            },
            "tags_all": {
              "Name": "frontend"
            },
            "timeouts": null,
            "vpc_id": "vpc-0f5498b8e8928e97e"
          },
          "sensitive_attributes": [],
          "private": "eyJlMmJmYjczMC1lY2FhLTExZTYtOGY4OC0zNDM2M2JjN2M0YzAiOnsiY3JlYXRlIjo2MDAwMDAwMDAwMDAsImRlbGV0ZSI6OTAwMDAwMDAwMDAwfSwic2NoZW1hX3ZlcnNpb24iOiIxIn0=",
          "dependencies": [
            "aws_vpc.prod"
          ]
        }
      ]
    },
    {
      "mode": "managed",
      "type": "aws_subnet",
      "name": "prod",
      "provider": "provider[\"registry.terraform.io/hashicorp/aws\"]",
      "instances": [
        {
          "schema_version": 1,
          "attributes": {
            "arn": "arn:aws:ec2:us-east-1:178344858845:subnet/subnet-00978b6684ffd9f52",
            "assign_ipv6_address_on_creation": false,
            "availability_zone": "us-east-1a",
            "availability_zone_id": "use1-az2",
            "cidr_block": "10.0.1.0/24",
            "customer_owned_ipv4_pool": "",
            "enable_dns64": false,
            "enable_lni_at_device_index": 0,
            "enable_resource_name_dns_a_record_on_launch": false,
            "enable_resource_name_dns_aaaa_record_on_launch": false,
            "id": "subnet-00978b6684ffd9f52",
            "ipv6_cidr_block": "",
            "ipv6_cidr_block_association_id": "",
            "ipv6_native": false,
            "map_customer_owned_ip_on_launch": false,
            "map_public_ip_on_launch": false,
            "outpost_arn": "",
            "owner_id": "178344858845",
            "private_dns_hostname_type_on_launch": "ip-name",
            "tags": {
              "Name": "production"
            },
            "tags_all": {
              "Name": "production"
            },
            "timeouts": null,
            "vpc_id": "vpc-0f5498b8e8928e97e"
          },
          "sensitive_attributes": [],
          "private": "eyJlMmJmYjczMC1lY2FhLTExZTYtOGY4OC0zNDM2M2JjN2M0YzAiOnsiY3JlYXRlIjo2MDAwMDAwMDAwMDAsImRlbGV0ZSI6MTIwMDAwMDAwMDAwMH0sInNjaGVtYV92ZXJzaW9uIjoiMSJ9",
          "dependencies": [
            "aws_vpc.prod"
          ]
        }
      ]
    },
    {
      "mode": "managed",
      "type": "aws_vpc",
      "name": "prod",
      "provider": "provider[\"registry.terraform.io/hashicorp/aws\"]",
      "instances": [
        {
          "schema_version": 1,
          "attributes": {
            "arn": "arn:aws:ec2:us-east-1:178344858845:vpc/vpc-0f5498b8e8928e97e",
            "assign_generated_ipv6_cidr_block": false,
            "cidr_block": "10.0.0.0/16",
            "default_network_acl_id": "acl-0b2cf0e7803f3f027",
            "default_route_table_id": "rtb-05b54f0d02faed4ee",
            "default_security_group_id": "sg-02c922fbe05d9434e",
            "dhcp_options_id": "dopt-010c137bdd6a8f8d4",
            "enable_classiclink": false,
            "enable_classiclink_dns_support": false,
            "enable_dns_hostnames": false,
            "enable_dns_support": true,
            "enable_network_address_usage_metrics": false,
            "id": "vpc-0f5498b8e8928e97e",
            "instance_tenancy": "default",
            "ipv4_ipam_pool_id": null,
            "ipv4_netmask_length": null,
            "ipv6_association_id": "",
            "ipv6_cidr_block": "",
            "ipv6_cidr_block_network_border_group": "",
            "ipv6_ipam_pool_id": "",
            "ipv6_netmask_length": 0,
            "main_route_table_id": "rtb-05b54f0d02faed4ee",
            "owner_id": "178344858845",
            "tags": {
              "Name": "production"
            },
            "tags_all": {
              "Name": "production"
            }
          },
          "sensitive_attributes": [],
          "private": "eyJzY2hlbWFfdmVyc2lvbiI6IjEifQ=="
        }
      ]
    },
    {
      "mode": "managed",
      "type": "tls_private_key",
      "name": "fontend",
      "provider": "provider[\"registry.terraform.io/hashicorp/tls\"]",
      "instances": [
        {
          "schema_version": 1,
          "attributes": {
            "algorithm": "RSA",
            "ecdsa_curve": "P224",
            "id": "156976439bafc14e377baae6d9c970c6e441cbe8",
            "private_key_openssh": "-----BEGIN OPENSSH PRIVATE KEY-----\nb3BlbnNzaC1rZXktdjEAAAAABG5vbmUAAAAEbm9uZQAAAAAAAAABAAACFwAAAAdz\nc2gtcnNhAAAAAwEAAQAAAgEAxy+AAWTXNzmaF6Qtj5a3C8oqvdl4PD+0pXij4+my\nhEFbRGCQHvPSpRkP9+ZEnW6xVKhcQY+eCAgc2VHNMqQb+WX0ec+KRrM7EcDIOKA5\nQqYbwROMq4k5qOx1W9cX+sARgyt9S5sqgmkuP9VJ6cOy6J3IIBIgYFkNoOLxIA4M\n+Uli/bsEs/9/b6S+DKLnNjtjCffDRkIAEMNZl8h3oBBB3Jrfn+A0JvL6ZVK/0Rur\n05meyT1R57GWfqbJr4Y4jDOSPS4ikxdKXGkPm9372upRNG/iEbC1mkQHop9F9tBf\n741+bIm/dyW6hwxfEfWG+c0wQwkwmt6WDoslSOD/42PRqZgF8sKZYXIzN6FQ4r9J\nc6WGjfk215EaLYcJ3aGIwCxl4kADYKnIIaVzJKKUdN4E3i2yQMm9LC/ApuwZqCdb\ndWjYzDmcMepRBbHLNaUZJHGlGAN6Lde04Y88TvBAwf8k5hPAf0Ax1IFJVfCDYh67\nffU0yBihnBjZ/58E4J/OHRNvQZ/JUgShOYkIf1DKhpL6xUkAZMECGDDWOsqgsr7M\nrESkhBH030SrutdbQEkob1wM1y367K2G/A7DgvPidiJ9zs1VcT75HX5MEQDkYGpS\nT2sJ9HtX04RxaISJWcoBCTZLwQ5w7htp4UgkapAdjHp97M5lbAH0f7IZXOFaWbQI\nnHUAAAc4caOUa3GjlGsAAAAHc3NoLXJzYQAAAgEAxy+AAWTXNzmaF6Qtj5a3C8oq\nvdl4PD+0pXij4+myhEFbRGCQHvPSpRkP9+ZEnW6xVKhcQY+eCAgc2VHNMqQb+WX0\nec+KRrM7EcDIOKA5QqYbwROMq4k5qOx1W9cX+sARgyt9S5sqgmkuP9VJ6cOy6J3I\nIBIgYFkNoOLxIA4M+Uli/bsEs/9/b6S+DKLnNjtjCffDRkIAEMNZl8h3oBBB3Jrf\nn+A0JvL6ZVK/0Rur05meyT1R57GWfqbJr4Y4jDOSPS4ikxdKXGkPm9372upRNG/i\nEbC1mkQHop9F9tBf741+bIm/dyW6hwxfEfWG+c0wQwkwmt6WDoslSOD/42PRqZgF\n8sKZYXIzN6FQ4r9Jc6WGjfk215EaLYcJ3aGIwCxl4kADYKnIIaVzJKKUdN4E3i2y\nQMm9LC/ApuwZqCdbdWjYzDmcMepRBbHLNaUZJHGlGAN6Lde04Y88TvBAwf8k5hPA\nf0Ax1IFJVfCDYh67ffU0yBihnBjZ/58E4J/OHRNvQZ/JUgShOYkIf1DKhpL6xUkA\nZMECGDDWOsqgsr7MrESkhBH030SrutdbQEkob1wM1y367K2G/A7DgvPidiJ9zs1V\ncT75HX5MEQDkYGpST2sJ9HtX04RxaISJWcoBCTZLwQ5w7htp4UgkapAdjHp97M5l\nbAH0f7IZXOFaWbQInHUAAAADAQABAAACAQCFVh/LTxTerBmh3858A3kvVDs+cXiS\nZFbqOhMD+6n77MBKypVPkwqcaGWPHj8qYDInKLjxTlGMsNmXBLJnRwJO9lgsvqii\n4VIWdUXS2jbajdWgbxTIs4i8suVxAFDWE4LlmtQ6K3nOaNiD9KSQ7ucx3oVcKqYv\nuQ1teN3PBnja26x/i5T/ZXaKZu6uCNLcM+79ejTnMEFY91xfRdwGczuTkL1ICc7/\nj8Hc2AL92RcyA/EOZ5UPk4rZ5461iBUMjW1EtUCB1KJ7r/y562SwTBDmGEtuait3\nRDkUPKiaKy09cCuEPsXD3aa6xqZRoFmlmRzIkztNQNmUjML9wViqgGSVgYN7erRw\nyhv7H3AETgQY8LrATOgru7ul32gD+Nkr/YfGbH9Jpf6PpngxW2iioMwDXHAXjE2y\n2ybtjv6C3l5jn4Sv1QU69JDK7df7W4DtjUmv9hIVNZYVSYKS+ItviF+mVar1jRAo\nQxyesor+4mXBKcjdyUj/6Kp0bOUWZjHDVDu0IAu5QYXfMx6hOWCwFacDFv7/4WlI\ns8PSYGB4YjOrdBHKQwoZgc1e2IjoKi4CsBHhTQlNkPvPhfVsyitWB4lP1b+biehm\noLemfG7x6iLnGYJpf6By3o9uL4YEUkI6EFLER+MLWo2o0soceY95MyyO7pFNfm6R\n2RyH5I1dXtxpdQAAAQEA539onUyu8bofvOK+CnjxnXfNNsj9DAbM31wSEz9CfvmC\nwibVYRmi4MsNlTe9uNV+N89MOC2aQ4SdPkdoTpXsxyyQxnw9D70v0vMc9uJlEANd\ncpUY8kloQM0XIystW/D1jYj5SPufFrwkpyGFSz2YMf2OZlIRp8JVtLiWMAyxkBOj\nrTuN1vhSjsWJxDjsUEQK3VIK2VOurpEEKmMDLP2VSsplcfL9CBuzdOU1ZOO/4Aee\n36kjOcThWRLkEurNPPkOEN139UdDLof2tJypv5cYuvp8cT38xG1mEr7h8Wi79tB8\nAEOhSb3mPYR8tB0yeY4BI9ebuHRuMjtlk9RUsHIywQAAAQEA/b2d3HJJpQyQykKK\nBfW7vzB1gyxuE/9ELVnTlHf+4pwcYND9CWVRPHvoKJR4ZtZk2tV9A7P2Ersxlhp8\nlCmlvpDF3EYi3JMXp071zYtKzq1V3ymHSPty2B4NhgFPLSnS700Z2TrVIr9Tag9I\nhunWFL6lALlBPa4Wot9vJr8e+YrDN7hz1Pqj8otaZJOnH1Zr48IA5Oj/8zLc2ZWm\nRuGPLw4VBhZ5yfeAMGXDjgYv+NAt7WiZyvnRVIh8vGZKv6uSVGYgLOWzs9NHIZ64\n5TiGImpmptiyvGtt77n9+QBqakplFoWxkED/R8Oh+y6cxSmRePTaxbq4POztssmR\nizSZlwAAAQEAyPWHZwIPMOySXJEQfRq/qWTzt+CjqsaVDC8ZubUeW2UFZim2E9eB\nJK0hCpY4qmxeL9wSB0FteT/Ul3ZkTm4VfaO68Hj+rNqu6rrvzWYm/+Y0UQlUf22n\n+TocQtP9v3hcMsfQX+Zmaz/BxSHU4VWEtFE8uhhNZuO7nRAkie1syPH6HzgRUEHw\nWZk9OIdeNDM9TGt8ZQ6hoGW6XBeqfu6fZMnhr/1v3GGz4YF+vmCOv0MSbBH0nrnE\n1rx7Td/SyiCRJd9rb/FSAuu5ntGcnQDN07RT3i74u9Nq4zY2Xqge02ZM51s/00uk\nNX9A/TLX0JrmIxXr7EyjHI6AjZX+RNDD0wAAAAAB\n-----END OPENSSH PRIVATE KEY-----\n",
            "private_key_pem": "-----BEGIN RSA PRIVATE KEY-----\nMIIJKQIBAAKCAgEAxy+AAWTXNzmaF6Qtj5a3C8oqvdl4PD+0pXij4+myhEFbRGCQ\nHvPSpRkP9+ZEnW6xVKhcQY+eCAgc2VHNMqQb+WX0ec+KRrM7EcDIOKA5QqYbwROM\nq4k5qOx1W9cX+sARgyt9S5sqgmkuP9VJ6cOy6J3IIBIgYFkNoOLxIA4M+Uli/bsE\ns/9/b6S+DKLnNjtjCffDRkIAEMNZl8h3oBBB3Jrfn+A0JvL6ZVK/0Rur05meyT1R\n57GWfqbJr4Y4jDOSPS4ikxdKXGkPm9372upRNG/iEbC1mkQHop9F9tBf741+bIm/\ndyW6hwxfEfWG+c0wQwkwmt6WDoslSOD/42PRqZgF8sKZYXIzN6FQ4r9Jc6WGjfk2\n15EaLYcJ3aGIwCxl4kADYKnIIaVzJKKUdN4E3i2yQMm9LC/ApuwZqCdbdWjYzDmc\nMepRBbHLNaUZJHGlGAN6Lde04Y88TvBAwf8k5hPAf0Ax1IFJVfCDYh67ffU0yBih\nnBjZ/58E4J/OHRNvQZ/JUgShOYkIf1DKhpL6xUkAZMECGDDWOsqgsr7MrESkhBH0\n30SrutdbQEkob1wM1y367K2G/A7DgvPidiJ9zs1VcT75HX5MEQDkYGpST2sJ9HtX\n04RxaISJWcoBCTZLwQ5w7htp4UgkapAdjHp97M5lbAH0f7IZXOFaWbQInHUCAwEA\nAQKCAgEAhVYfy08U3qwZod/OfAN5L1Q7PnF4kmRW6joTA/up++zASsqVT5MKnGhl\njx4/KmAyJyi48U5RjLDZlwSyZ0cCTvZYLL6oouFSFnVF0to22o3VoG8UyLOIvLLl\ncQBQ1hOC5ZrUOit5zmjYg/SkkO7nMd6FXCqmL7kNbXjdzwZ42tusf4uU/2V2imbu\nrgjS3DPu/Xo05zBBWPdcX0XcBnM7k5C9SAnO/4/B3NgC/dkXMgPxDmeVD5OK2eeO\ntYgVDI1tRLVAgdSie6/8uetksEwQ5hhLbmord0Q5FDyomistPXArhD7Fw92musam\nUaBZpZkcyJM7TUDZlIzC/cFYqoBklYGDe3q0cMob+x9wBE4EGPC6wEzoK7u7pd9o\nA/jZK/2Hxmx/SaX+j6Z4MVtooqDMA1xwF4xNstsm7Y7+gt5eY5+Er9UFOvSQyu3X\n+1uA7Y1Jr/YSFTWWFUmCkviLb4hfplWq9Y0QKEMcnrKK/uJlwSnI3clI/+iqdGzl\nFmYxw1Q7tCALuUGF3zMeoTlgsBWnAxb+/+FpSLPD0mBgeGIzq3QRykMKGYHNXtiI\n6CouArAR4U0JTZD7z4X1bMorVgeJT9W/m4noZqC3pnxu8eoi5xmCaX+gct6Pbi+G\nBFJCOhBSxEfjC1qNqNLKHHmPeTMsju6RTX5ukdkch+SNXV7caXUCggEBAP29ndxy\nSaUMkMpCigX1u78wdYMsbhP/RC1Z05R3/uKcHGDQ/QllUTx76CiUeGbWZNrVfQOz\n9hK7MZYafJQppb6QxdxGItyTF6dO9c2LSs6tVd8ph0j7ctgeDYYBTy0p0u9NGdk6\n1SK/U2oPSIbp1hS+pQC5QT2uFqLfbya/HvmKwze4c9T6o/KLWmSTpx9Wa+PCAOTo\n//My3NmVpkbhjy8OFQYWecn3gDBlw44GL/jQLe1omcr50VSIfLxmSr+rklRmICzl\ns7PTRyGeuOU4hiJqZqbYsrxrbe+5/fkAampKZRaFsZBA/0fDofsunMUpkXj02sW6\nuDzs7bLJkYs0mZcCggEBAMj1h2cCDzDsklyREH0av6lk87fgo6rGlQwvGbm1Hltl\nBWYpthPXgSStIQqWOKpsXi/cEgdBbXk/1Jd2ZE5uFX2juvB4/qzaruq6781mJv/m\nNFEJVH9tp/k6HELT/b94XDLH0F/mZms/wcUh1OFVhLRRPLoYTWbju50QJIntbMjx\n+h84EVBB8FmZPTiHXjQzPUxrfGUOoaBlulwXqn7un2TJ4a/9b9xhs+GBfr5gjr9D\nEmwR9J65xNa8e03f0sogkSXfa2/xUgLruZ7RnJ0AzdO0U94u+LvTauM2Nl6oHtNm\nTOdbP9NLpDV/QP0y19Ca5iMV6+xMoxyOgI2V/kTQw9MCggEAOFJlfvAzXppqbSrV\n3jrMYMTN4L709CVeKb7dkwALqJtERU0+TV6a6JUMVC2YiCMgod5vcGn6ve+lMw9Q\nBcc0zhbuhFVhGZrgzjddojE/+p5JCE78g3uk40nQcKVLwNeexZVUnn5Lnvne9xTL\nYX74EQS8NWvpilphFegIkQ4tPvDJIk4kD+tOhuDdwKNxnigdrKF8d1MstPveP8HS\n9brNgIFcs0w73lO8tYFxJc5DybPT7fWg5YgMKfpdzafbAa6AvZEppS2bdNf52wGT\nQvYH+A2sGW7SRbaG4YZkVGf+NveqdpRYdI+o2nIXO1z+WVk/vByFjwxCJuvkWyIY\n11BmowKCAQBWidUbOLnN+bI1hoqxNRmgGscRQf15BzccHhRX8nT2KpSeoAu2k7Eb\nWCrIYlRYn34X4g8pbLV151TnPKaJV8KNbjqMX65cRXfZwVKPAxR8UmfpFbl7fn89\nRhbxeFTnZS9e9sj240LroHMTLzR7LNaOyAT8poZ+bkdWpaL2enXEOt/ZHc3m395e\n1yyT8UdR91bIV+kjo59acTRFgDN9ocimIIG9xcesAa7yx08LMI2IM5v1Se4rhBgN\n2PDIYkBlpoya4JFljWghtd0jVWS5/6SjLB6JqXSXfb2jxq63KHLN2ln3r0XW+dXm\n67vSzVg+jtXX+hK0mXQMUhlt30+11qjdAoIBAQDnf2idTK7xuh+84r4KePGdd802\nyP0MBszfXBITP0J++YLCJtVhGaLgyw2VN7241X43z0w4LZpDhJ0+R2hOlezHLJDG\nfD0PvS/S8xz24mUQA11ylRjySWhAzRcjKy1b8PWNiPlI+58WvCSnIYVLPZgx/Y5m\nUhGnwlW0uJYwDLGQE6OtO43W+FKOxYnEOOxQRArdUgrZU66ukQQqYwMs/ZVKymVx\n8v0IG7N05TVk47/gB57fqSM5xOFZEuQS6s08+Q4Q3Xf1R0Muh/a0nKm/lxi6+nxx\nPfzEbWYSvuHxaLv20HwAQ6FJveY9hHy0HTJ5jgEj15u4dG4yO2WT1FSwcjLB\n-----END RSA PRIVATE KEY-----\n",
            "private_key_pem_pkcs8": "-----BEGIN PRIVATE KEY-----\nMIIJQwIBADANBgkqhkiG9w0BAQEFAASCCS0wggkpAgEAAoICAQDHL4ABZNc3OZoX\npC2PlrcLyiq92Xg8P7SleKPj6bKEQVtEYJAe89KlGQ/35kSdbrFUqFxBj54ICBzZ\nUc0ypBv5ZfR5z4pGszsRwMg4oDlCphvBE4yriTmo7HVb1xf6wBGDK31LmyqCaS4/\n1Unpw7LoncggEiBgWQ2g4vEgDgz5SWL9uwSz/39vpL4Mouc2O2MJ98NGQgAQw1mX\nyHegEEHcmt+f4DQm8vplUr/RG6vTmZ7JPVHnsZZ+psmvhjiMM5I9LiKTF0pcaQ+b\n3fva6lE0b+IRsLWaRAein0X20F/vjX5sib93JbqHDF8R9Yb5zTBDCTCa3pYOiyVI\n4P/jY9GpmAXywplhcjM3oVDiv0lzpYaN+TbXkRothwndoYjALGXiQANgqcghpXMk\nopR03gTeLbJAyb0sL8Cm7BmoJ1t1aNjMOZwx6lEFscs1pRkkcaUYA3ot17ThjzxO\n8EDB/yTmE8B/QDHUgUlV8INiHrt99TTIGKGcGNn/nwTgn84dE29Bn8lSBKE5iQh/\nUMqGkvrFSQBkwQIYMNY6yqCyvsysRKSEEfTfRKu611tASShvXAzXLfrsrYb8DsOC\n8+J2In3OzVVxPvkdfkwRAORgalJPawn0e1fThHFohIlZygEJNkvBDnDuG2nhSCRq\nkB2Men3szmVsAfR/shlc4VpZtAicdQIDAQABAoICAQCFVh/LTxTerBmh3858A3kv\nVDs+cXiSZFbqOhMD+6n77MBKypVPkwqcaGWPHj8qYDInKLjxTlGMsNmXBLJnRwJO\n9lgsvqii4VIWdUXS2jbajdWgbxTIs4i8suVxAFDWE4LlmtQ6K3nOaNiD9KSQ7ucx\n3oVcKqYvuQ1teN3PBnja26x/i5T/ZXaKZu6uCNLcM+79ejTnMEFY91xfRdwGczuT\nkL1ICc7/j8Hc2AL92RcyA/EOZ5UPk4rZ5461iBUMjW1EtUCB1KJ7r/y562SwTBDm\nGEtuait3RDkUPKiaKy09cCuEPsXD3aa6xqZRoFmlmRzIkztNQNmUjML9wViqgGSV\ngYN7erRwyhv7H3AETgQY8LrATOgru7ul32gD+Nkr/YfGbH9Jpf6PpngxW2iioMwD\nXHAXjE2y2ybtjv6C3l5jn4Sv1QU69JDK7df7W4DtjUmv9hIVNZYVSYKS+ItviF+m\nVar1jRAoQxyesor+4mXBKcjdyUj/6Kp0bOUWZjHDVDu0IAu5QYXfMx6hOWCwFacD\nFv7/4WlIs8PSYGB4YjOrdBHKQwoZgc1e2IjoKi4CsBHhTQlNkPvPhfVsyitWB4lP\n1b+biehmoLemfG7x6iLnGYJpf6By3o9uL4YEUkI6EFLER+MLWo2o0soceY95MyyO\n7pFNfm6R2RyH5I1dXtxpdQKCAQEA/b2d3HJJpQyQykKKBfW7vzB1gyxuE/9ELVnT\nlHf+4pwcYND9CWVRPHvoKJR4ZtZk2tV9A7P2Ersxlhp8lCmlvpDF3EYi3JMXp071\nzYtKzq1V3ymHSPty2B4NhgFPLSnS700Z2TrVIr9Tag9IhunWFL6lALlBPa4Wot9v\nJr8e+YrDN7hz1Pqj8otaZJOnH1Zr48IA5Oj/8zLc2ZWmRuGPLw4VBhZ5yfeAMGXD\njgYv+NAt7WiZyvnRVIh8vGZKv6uSVGYgLOWzs9NHIZ645TiGImpmptiyvGtt77n9\n+QBqakplFoWxkED/R8Oh+y6cxSmRePTaxbq4POztssmRizSZlwKCAQEAyPWHZwIP\nMOySXJEQfRq/qWTzt+CjqsaVDC8ZubUeW2UFZim2E9eBJK0hCpY4qmxeL9wSB0Ft\neT/Ul3ZkTm4VfaO68Hj+rNqu6rrvzWYm/+Y0UQlUf22n+TocQtP9v3hcMsfQX+Zm\naz/BxSHU4VWEtFE8uhhNZuO7nRAkie1syPH6HzgRUEHwWZk9OIdeNDM9TGt8ZQ6h\noGW6XBeqfu6fZMnhr/1v3GGz4YF+vmCOv0MSbBH0nrnE1rx7Td/SyiCRJd9rb/FS\nAuu5ntGcnQDN07RT3i74u9Nq4zY2Xqge02ZM51s/00ukNX9A/TLX0JrmIxXr7Eyj\nHI6AjZX+RNDD0wKCAQA4UmV+8DNemmptKtXeOsxgxM3gvvT0JV4pvt2TAAuom0RF\nTT5NXprolQxULZiIIyCh3m9wafq976UzD1AFxzTOFu6EVWEZmuDON12iMT/6nkkI\nTvyDe6TjSdBwpUvA157FlVSefkue+d73FMthfvgRBLw1a+mKWmEV6AiRDi0+8Mki\nTiQP606G4N3Ao3GeKB2soXx3Uyy0+94/wdL1us2AgVyzTDveU7y1gXElzkPJs9Pt\n9aDliAwp+l3Np9sBroC9kSmlLZt01/nbAZNC9gf4DawZbtJFtobhhmRUZ/4296p2\nlFh0j6jachc7XP5ZWT+8HIWPDEIm6+RbIhjXUGajAoIBAFaJ1Rs4uc35sjWGirE1\nGaAaxxFB/XkHNxweFFfydPYqlJ6gC7aTsRtYKshiVFiffhfiDylstXXnVOc8polX\nwo1uOoxfrlxFd9nBUo8DFHxSZ+kVuXt+fz1GFvF4VOdlL172yPbjQuugcxMvNHss\n1o7IBPymhn5uR1alovZ6dcQ639kdzebf3l7XLJPxR1H3VshX6SOjn1pxNEWAM32h\nyKYggb3Fx6wBrvLHTwswjYgzm/VJ7iuEGA3Y8MhiQGWmjJrgkWWNaCG13SNVZLn/\npKMsHompdJd9vaPGrrcocs3aWfevRdb51ebru9LNWD6O1df6ErSZdAxSGW3fT7XW\nqN0CggEBAOd/aJ1MrvG6H7zivgp48Z13zTbI/QwGzN9cEhM/Qn75gsIm1WEZouDL\nDZU3vbjVfjfPTDgtmkOEnT5HaE6V7McskMZ8PQ+9L9LzHPbiZRADXXKVGPJJaEDN\nFyMrLVvw9Y2I+Uj7nxa8JKchhUs9mDH9jmZSEafCVbS4ljAMsZATo607jdb4Uo7F\nicQ47FBECt1SCtlTrq6RBCpjAyz9lUrKZXHy/Qgbs3TlNWTjv+AHnt+pIznE4VkS\n5BLqzTz5DhDdd/VHQy6H9rScqb+XGLr6fHE9/MRtZhK+4fFou/bQfABDoUm95j2E\nfLQdMnmOASPXm7h0bjI7ZZPUVLByMsE=\n-----END PRIVATE KEY-----\n",
            "public_key_fingerprint_md5": "ba:d5:c0:0c:fe:72:ed:f0:87:52:37:36:0a:d7:8b:dd",
            "public_key_fingerprint_sha256": "SHA256:ITl5G0hAUN8lSeYVCBQUmxBqAkcHHLfMZog9gmxGt9c",
            "public_key_openssh": "ssh-rsa AAAAB3NzaC1yc2EAAAADAQABAAACAQDHL4ABZNc3OZoXpC2PlrcLyiq92Xg8P7SleKPj6bKEQVtEYJAe89KlGQ/35kSdbrFUqFxBj54ICBzZUc0ypBv5ZfR5z4pGszsRwMg4oDlCphvBE4yriTmo7HVb1xf6wBGDK31LmyqCaS4/1Unpw7LoncggEiBgWQ2g4vEgDgz5SWL9uwSz/39vpL4Mouc2O2MJ98NGQgAQw1mXyHegEEHcmt+f4DQm8vplUr/RG6vTmZ7JPVHnsZZ+psmvhjiMM5I9LiKTF0pcaQ+b3fva6lE0b+IRsLWaRAein0X20F/vjX5sib93JbqHDF8R9Yb5zTBDCTCa3pYOiyVI4P/jY9GpmAXywplhcjM3oVDiv0lzpYaN+TbXkRothwndoYjALGXiQANgqcghpXMkopR03gTeLbJAyb0sL8Cm7BmoJ1t1aNjMOZwx6lEFscs1pRkkcaUYA3ot17ThjzxO8EDB/yTmE8B/QDHUgUlV8INiHrt99TTIGKGcGNn/nwTgn84dE29Bn8lSBKE5iQh/UMqGkvrFSQBkwQIYMNY6yqCyvsysRKSEEfTfRKu611tASShvXAzXLfrsrYb8DsOC8+J2In3OzVVxPvkdfkwRAORgalJPawn0e1fThHFohIlZygEJNkvBDnDuG2nhSCRqkB2Men3szmVsAfR/shlc4VpZtAicdQ==\n",
            "public_key_pem": "-----BEGIN PUBLIC KEY-----\nMIICIjANBgkqhkiG9w0BAQEFAAOCAg8AMIICCgKCAgEAxy+AAWTXNzmaF6Qtj5a3\nC8oqvdl4PD+0pXij4+myhEFbRGCQHvPSpRkP9+ZEnW6xVKhcQY+eCAgc2VHNMqQb\n+WX0ec+KRrM7EcDIOKA5QqYbwROMq4k5qOx1W9cX+sARgyt9S5sqgmkuP9VJ6cOy\n6J3IIBIgYFkNoOLxIA4M+Uli/bsEs/9/b6S+DKLnNjtjCffDRkIAEMNZl8h3oBBB\n3Jrfn+A0JvL6ZVK/0Rur05meyT1R57GWfqbJr4Y4jDOSPS4ikxdKXGkPm9372upR\nNG/iEbC1mkQHop9F9tBf741+bIm/dyW6hwxfEfWG+c0wQwkwmt6WDoslSOD/42PR\nqZgF8sKZYXIzN6FQ4r9Jc6WGjfk215EaLYcJ3aGIwCxl4kADYKnIIaVzJKKUdN4E\n3i2yQMm9LC/ApuwZqCdbdWjYzDmcMepRBbHLNaUZJHGlGAN6Lde04Y88TvBAwf8k\n5hPAf0Ax1IFJVfCDYh67ffU0yBihnBjZ/58E4J/OHRNvQZ/JUgShOYkIf1DKhpL6\nxUkAZMECGDDWOsqgsr7MrESkhBH030SrutdbQEkob1wM1y367K2G/A7DgvPidiJ9\nzs1VcT75HX5MEQDkYGpST2sJ9HtX04RxaISJWcoBCTZLwQ5w7htp4UgkapAdjHp9\n7M5lbAH0f7IZXOFaWbQInHUCAwEAAQ==\n-----END PUBLIC KEY-----\n",
            "rsa_bits": 4096
          },
          "sensitive_attributes": []
        }
      ]
    }
  ],
  "check_results": null
}
