{
  "version": 4,
  "terraform_version": "1.6.1",
  "serial": 918,
  "lineage": "7cb303bf-0b3d-08c9-8984-b8ed185a2753",
  "outputs": {
    "frontend_image_id": {
      "value": "ami-0ada6686cdd61ecb1",
      "type": "string"
    },
    "frontend_load_balancer_dns_name": {
      "value": "frontend-1139325102.eu-central-1.elb.amazonaws.com",
      "type": "string"
    },
    "production_bucket": {
      "value": "terraform-20231027110437349100000001",
      "type": "string"
    }
  },
  "resources": [
    {
      "mode": "data",
      "type": "aws_iam_policy_document",
      "name": "policy_all",
      "provider": "provider[\"registry.terraform.io/hashicorp/aws\"]",
      "instances": [
        {
          "schema_version": 0,
          "attributes": {
            "id": "907093889",
            "json": "{\n  \"Version\": \"2012-10-17\",\n  \"Statement\": [\n    {\n      \"Sid\": \"\",\n      \"Effect\": \"Allow\",\n      \"Action\": \"sts:AssumeRole\",\n      \"Principal\": {\n        \"AWS\": \"*\"\n      }\n    }\n  ]\n}",
            "override_json": null,
            "override_policy_documents": null,
            "policy_id": null,
            "source_json": null,
            "source_policy_documents": null,
            "statement": [
              {
                "actions": [
                  "sts:AssumeRole"
                ],
                "condition": [],
                "effect": "Allow",
                "not_actions": [],
                "not_principals": [],
                "not_resources": [],
                "principals": [
                  {
                    "identifiers": [
                      "*"
                    ],
                    "type": "AWS"
                  }
                ],
                "resources": [],
                "sid": ""
              }
            ],
            "version": "2012-10-17"
          },
          "sensitive_attributes": []
        }
      ]
    },
    {
      "mode": "managed",
      "type": "aws_autoscaling_group",
      "name": "frontend",
      "provider": "provider[\"registry.terraform.io/hashicorp/aws\"]",
      "instances": [
        {
          "schema_version": 0,
          "attributes": {
            "arn": "arn:aws:autoscaling:eu-central-1:178344858845:autoScalingGroup:a00b228d-0410-4289-8641-9e65618ce652:autoScalingGroupName/frontend",
            "availability_zones": [
              "eu-central-1a",
              "eu-central-1b"
            ],
            "capacity_rebalance": false,
            "context": "",
            "default_cooldown": 300,
            "default_instance_warmup": 0,
            "desired_capacity": 2,
            "desired_capacity_type": "",
            "enabled_metrics": [],
            "force_delete": false,
            "force_delete_warm_pool": false,
            "health_check_grace_period": 30,
            "health_check_type": "ELB",
            "id": "frontend",
            "initial_lifecycle_hook": [],
            "instance_refresh": [],
            "launch_configuration": "",
            "launch_template": [
              {
                "id": "lt-0b6e0994791e00b26",
                "name": "frontend",
                "version": "$Latest"
              }
            ],
            "load_balancers": [],
            "max_instance_lifetime": 0,
            "max_size": 2,
            "metrics_granularity": "1Minute",
            "min_elb_capacity": null,
            "min_size": 2,
            "mixed_instances_policy": [],
            "name": "frontend",
            "name_prefix": "",
            "placement_group": "",
            "predicted_capacity": 0,
            "protect_from_scale_in": false,
            "service_linked_role_arn": "arn:aws:iam::178344858845:role/aws-service-role/autoscaling.amazonaws.com/AWSServiceRoleForAutoScaling",
            "suspended_processes": [],
            "tag": [
              {
                "key": "Name",
                "propagate_at_launch": true,
                "value": "frontend"
              }
            ],
            "tags": null,
            "target_group_arns": [
              "arn:aws:elasticloadbalancing:eu-central-1:178344858845:targetgroup/frontend/63c165caedb838f6"
            ],
            "termination_policies": [],
            "timeouts": null,
            "vpc_zone_identifier": [
              "subnet-015af7ea3b7acc40f",
              "subnet-026153906761065bd"
            ],
            "wait_for_capacity_timeout": "10m",
            "wait_for_elb_capacity": null,
            "warm_pool": [],
            "warm_pool_size": 0
          },
          "sensitive_attributes": [],
          "private": "eyJlMmJmYjczMC1lY2FhLTExZTYtOGY4OC0zNDM2M2JjN2M0YzAiOnsiZGVsZXRlIjo2MDAwMDAwMDAwMDAsInVwZGF0ZSI6NjAwMDAwMDAwMDAwfX0=",
          "dependencies": [
            "aws_iam_instance_profile.prod_image_builder",
            "aws_iam_role.prod_image_builder",
            "aws_imagebuilder_distribution_configuration.frontend",
            "aws_imagebuilder_image.frontend",
            "aws_imagebuilder_image_recipe.frontend",
            "aws_imagebuilder_infrastructure_configuration.frontend",
            "aws_launch_template.frontend",
            "aws_lb_target_group.frontend",
            "aws_s3_bucket.prod",
            "aws_security_group.frontend",
            "aws_subnet.prod_a",
            "aws_subnet.prod_b",
            "aws_vpc.prod",
            "data.aws_iam_policy_document.policy_all"
          ]
        }
      ]
    },
    {
      "mode": "managed",
      "type": "aws_autoscaling_policy",
      "name": "frontend_target_tracking",
      "provider": "provider[\"registry.terraform.io/hashicorp/aws\"]",
      "instances": [
        {
          "schema_version": 0,
          "attributes": {
            "adjustment_type": "",
            "arn": "arn:aws:autoscaling:eu-central-1:178344858845:scalingPolicy:d073e721-a744-4433-be26-6576a5e0496d:autoScalingGroupName/frontend:policyName/frontend_target_tracking",
            "autoscaling_group_name": "frontend",
            "cooldown": 0,
            "enabled": true,
            "estimated_instance_warmup": 0,
            "id": "frontend_target_tracking",
            "metric_aggregation_type": "",
            "min_adjustment_magnitude": 0,
            "name": "frontend_target_tracking",
            "policy_type": "TargetTrackingScaling",
            "predictive_scaling_configuration": [],
            "scaling_adjustment": 0,
            "step_adjustment": [],
            "target_tracking_configuration": [
              {
                "customized_metric_specification": [],
                "disable_scale_in": false,
                "predefined_metric_specification": [
                  {
                    "predefined_metric_type": "ASGAverageCPUUtilization",
                    "resource_label": ""
                  }
                ],
                "target_value": 70
              }
            ]
          },
          "sensitive_attributes": [],
          "private": "bnVsbA==",
          "dependencies": [
            "aws_autoscaling_group.frontend",
            "aws_iam_instance_profile.prod_image_builder",
            "aws_iam_role.prod_image_builder",
            "aws_imagebuilder_distribution_configuration.frontend",
            "aws_imagebuilder_image.frontend",
            "aws_imagebuilder_image_recipe.frontend",
            "aws_imagebuilder_infrastructure_configuration.frontend",
            "aws_launch_template.frontend",
            "aws_lb_target_group.frontend",
            "aws_s3_bucket.prod",
            "aws_security_group.frontend",
            "aws_subnet.prod_a",
            "aws_subnet.prod_b",
            "aws_vpc.prod",
            "data.aws_iam_policy_document.policy_all"
          ]
        }
      ]
    },
    {
      "mode": "managed",
      "type": "aws_codedeploy_app",
      "name": "frontend",
      "provider": "provider[\"registry.terraform.io/hashicorp/aws\"]",
      "instances": [
        {
          "schema_version": 0,
          "attributes": {
            "application_id": "ddedebd5-32e0-4b67-befc-874507a7aca0",
            "arn": "arn:aws:codedeploy:eu-central-1:178344858845:application:frontend",
            "compute_platform": "Server",
            "github_account_name": "",
            "id": "ddedebd5-32e0-4b67-befc-874507a7aca0:frontend",
            "linked_to_github": false,
            "name": "frontend",
            "tags": {
              "Name": "frontend"
            },
            "tags_all": {
              "Name": "frontend"
            }
          },
          "sensitive_attributes": [],
          "private": "bnVsbA=="
        }
      ]
    },
    {
      "mode": "managed",
      "type": "aws_iam_instance_profile",
      "name": "prod_image_builder",
      "provider": "provider[\"registry.terraform.io/hashicorp/aws\"]",
      "instances": [
        {
          "schema_version": 0,
          "attributes": {
            "arn": "arn:aws:iam::178344858845:instance-profile/prod_image_builder",
            "create_date": "2023-10-25T19:56:51Z",
            "id": "prod_image_builder",
            "name": "prod_image_builder",
            "name_prefix": "",
            "path": "/",
            "role": "prod_image_builder",
            "tags": {
              "Name": "production"
            },
            "tags_all": {
              "Name": "production"
            },
            "unique_id": "AIPASTBROSTOVT46TSC2N"
          },
          "sensitive_attributes": [],
          "private": "bnVsbA==",
          "dependencies": [
            "aws_iam_role.prod_image_builder",
            "data.aws_iam_policy_document.policy_all"
          ]
        }
      ]
    },
    {
      "mode": "managed",
      "type": "aws_iam_role",
      "name": "prod_codedeploy",
      "provider": "provider[\"registry.terraform.io/hashicorp/aws\"]",
      "instances": [
        {
          "schema_version": 0,
          "attributes": {
            "arn": "arn:aws:iam::178344858845:role/prod_codedeploy",
            "assume_role_policy": "{\"Statement\":[{\"Action\":\"sts:AssumeRole\",\"Effect\":\"Allow\",\"Principal\":{\"AWS\":\"*\"},\"Sid\":\"\"}],\"Version\":\"2012-10-17\"}",
            "create_date": "2023-10-27T09:13:59Z",
            "description": "prod_codedeploy",
            "force_detach_policies": false,
            "id": "prod_codedeploy",
            "inline_policy": [],
            "managed_policy_arns": [
              "arn:aws:iam::aws:policy/AdministratorAccess"
            ],
            "max_session_duration": 3600,
            "name": "prod_codedeploy",
            "name_prefix": "",
            "path": "/",
            "permissions_boundary": null,
            "role_last_used": [
              {
                "last_used_date": "2023-10-27T12:27:22Z",
                "region": "eu-central-1"
              }
            ],
            "tags": {
              "Name": "production"
            },
            "tags_all": {
              "Name": "production"
            },
            "unique_id": "AROASTBROSTOVZYAQYUVL"
          },
          "sensitive_attributes": [],
          "private": "bnVsbA==",
          "dependencies": [
            "data.aws_iam_policy_document.policy_all"
          ]
        }
      ]
    },
    {
      "mode": "managed",
      "type": "aws_iam_role",
      "name": "prod_image_builder",
      "provider": "provider[\"registry.terraform.io/hashicorp/aws\"]",
      "instances": [
        {
          "schema_version": 0,
          "attributes": {
            "arn": "arn:aws:iam::178344858845:role/prod_image_builder",
            "assume_role_policy": "{\"Statement\":[{\"Action\":\"sts:AssumeRole\",\"Effect\":\"Allow\",\"Principal\":{\"AWS\":\"*\"},\"Sid\":\"\"}],\"Version\":\"2012-10-17\"}",
            "create_date": "2023-10-25T19:56:50Z",
            "description": "prod_image_builder",
            "force_detach_policies": false,
            "id": "prod_image_builder",
            "inline_policy": [],
            "managed_policy_arns": [
              "arn:aws:iam::aws:policy/AdministratorAccess"
            ],
            "max_session_duration": 3600,
            "name": "prod_image_builder",
            "name_prefix": "",
            "path": "/",
            "permissions_boundary": null,
            "role_last_used": [
              {
                "last_used_date": "2023-10-28T22:57:27Z",
                "region": "eu-central-1"
              }
            ],
            "tags": {
              "Name": "production"
            },
            "tags_all": {
              "Name": "production"
            },
            "unique_id": "AROASTBROSTORY33YSJMR"
          },
          "sensitive_attributes": [],
          "private": "bnVsbA==",
          "dependencies": [
            "data.aws_iam_policy_document.policy_all"
          ]
        }
      ]
    },
    {
      "mode": "managed",
      "type": "aws_iam_role_policy_attachment",
      "name": "prod_codedeploy_AdministratorAccess",
      "provider": "provider[\"registry.terraform.io/hashicorp/aws\"]",
      "instances": [
        {
          "schema_version": 0,
          "attributes": {
            "id": "prod_codedeploy-20231027091401501700000001",
            "policy_arn": "arn:aws:iam::aws:policy/AdministratorAccess",
            "role": "prod_codedeploy"
          },
          "sensitive_attributes": [],
          "private": "bnVsbA==",
          "dependencies": [
            "aws_iam_role.prod_codedeploy",
            "data.aws_iam_policy_document.policy_all"
          ]
        }
      ]
    },
    {
      "mode": "managed",
      "type": "aws_iam_role_policy_attachment",
      "name": "prod_image_builder_AdministratorAccess",
      "provider": "provider[\"registry.terraform.io/hashicorp/aws\"]",
      "instances": [
        {
          "schema_version": 0,
          "attributes": {
            "id": "prod_image_builder-20231025225918535800000002",
            "policy_arn": "arn:aws:iam::aws:policy/AdministratorAccess",
            "role": "prod_image_builder"
          },
          "sensitive_attributes": [],
          "private": "bnVsbA==",
          "dependencies": [
            "aws_iam_role.prod_image_builder",
            "data.aws_iam_policy_document.policy_all"
          ]
        }
      ]
    },
    {
      "mode": "managed",
      "type": "aws_imagebuilder_distribution_configuration",
      "name": "frontend",
      "provider": "provider[\"registry.terraform.io/hashicorp/aws\"]",
      "instances": [
        {
          "schema_version": 0,
          "attributes": {
            "arn": "arn:aws:imagebuilder:eu-central-1:178344858845:distribution-configuration/frontend",
            "date_created": "2023-10-25T19:56:50.700Z",
            "date_updated": "",
            "description": "frontend",
            "distribution": [
              {
                "ami_distribution_configuration": [
                  {
                    "ami_tags": {
                      "Name": "frontend"
                    },
                    "description": "frontend",
                    "kms_key_id": "",
                    "launch_permission": [],
                    "name": "frontend-{{ imagebuilder:buildDate }}",
                    "target_account_ids": []
                  }
                ],
                "container_distribution_configuration": [],
                "fast_launch_configuration": [],
                "launch_template_configuration": [],
                "license_configuration_arns": [],
                "region": "eu-central-1"
              }
            ],
            "id": "arn:aws:imagebuilder:eu-central-1:178344858845:distribution-configuration/frontend",
            "name": "frontend",
            "tags": {
              "Name": "frontend"
            },
            "tags_all": {
              "Name": "frontend"
            }
          },
          "sensitive_attributes": [],
          "private": "bnVsbA=="
        }
      ]
    },
    {
      "mode": "managed",
      "type": "aws_imagebuilder_image",
      "name": "frontend",
      "provider": "provider[\"registry.terraform.io/hashicorp/aws\"]",
      "instances": [
        {
          "schema_version": 0,
          "attributes": {
            "arn": "arn:aws:imagebuilder:eu-central-1:178344858845:image/frontend/1.0.0/7",
            "container_recipe_arn": null,
            "date_created": "2023-10-27T10:41:39.627Z",
            "distribution_configuration_arn": "arn:aws:imagebuilder:eu-central-1:178344858845:distribution-configuration/frontend",
            "enhanced_image_metadata_enabled": true,
            "id": "arn:aws:imagebuilder:eu-central-1:178344858845:image/frontend/1.0.0/7",
            "image_recipe_arn": "arn:aws:imagebuilder:eu-central-1:178344858845:image-recipe/frontend/1.0.0",
            "image_tests_configuration": [
              {
                "image_tests_enabled": true,
                "timeout_minutes": 720
              }
            ],
            "infrastructure_configuration_arn": "arn:aws:imagebuilder:eu-central-1:178344858845:infrastructure-configuration/frontend",
            "name": "frontend",
            "os_version": "Amazon Linux 2",
            "output_resources": [
              {
                "amis": [
                  {
                    "account_id": "178344858845",
                    "description": "frontend",
                    "image": "ami-0ada6686cdd61ecb1",
                    "name": "frontend-2023-10-27T10-41-39.580Z",
                    "region": "eu-central-1"
                  }
                ],
                "containers": []
              }
            ],
            "platform": "Linux",
            "tags": {
              "Name": "frontend"
            },
            "tags_all": {
              "Name": "frontend"
            },
            "timeouts": null,
            "version": "1.0.0/7"
          },
          "sensitive_attributes": [],
          "private": "eyJlMmJmYjczMC1lY2FhLTExZTYtOGY4OC0zNDM2M2JjN2M0YzAiOnsiY3JlYXRlIjozNjAwMDAwMDAwMDAwfX0=",
          "dependencies": [
            "aws_iam_instance_profile.prod_image_builder",
            "aws_iam_role.prod_image_builder",
            "aws_imagebuilder_distribution_configuration.frontend",
            "aws_imagebuilder_image_recipe.frontend",
            "aws_imagebuilder_infrastructure_configuration.frontend",
            "aws_s3_bucket.prod",
            "data.aws_iam_policy_document.policy_all"
          ]
        }
      ]
    },
    {
      "mode": "managed",
      "type": "aws_imagebuilder_image_recipe",
      "name": "frontend",
      "provider": "provider[\"registry.terraform.io/hashicorp/aws\"]",
      "instances": [
        {
          "schema_version": 0,
          "attributes": {
            "arn": "arn:aws:imagebuilder:eu-central-1:178344858845:image-recipe/frontend/1.0.0",
            "block_device_mapping": [
              {
                "device_name": "/dev/xvdb",
                "ebs": [
                  {
                    "delete_on_termination": "true",
                    "encrypted": "",
                    "iops": 0,
                    "kms_key_id": "",
                    "snapshot_id": "",
                    "throughput": 0,
                    "volume_size": 8,
                    "volume_type": "gp2"
                  }
                ],
                "no_device": false,
                "virtual_name": ""
              }
            ],
            "component": [
              {
                "component_arn": "arn:aws:imagebuilder:eu-central-1:aws:component/amazon-cloudwatch-agent-linux/x.x.x",
                "parameter": []
              },
              {
                "component_arn": "arn:aws:imagebuilder:eu-central-1:aws:component/update-linux/x.x.x",
                "parameter": []
              },
              {
                "component_arn": "arn:aws:imagebuilder:eu-central-1:aws:component/aws-codedeploy-agent-linux/x.x.x",
                "parameter": []
              },
              {
                "component_arn": "arn:aws:imagebuilder:eu-central-1:aws:component/simple-boot-test-linux/x.x.x",
                "parameter": []
              }
            ],
            "date_created": "2023-10-25T22:44:26.159Z",
            "description": "",
            "id": "arn:aws:imagebuilder:eu-central-1:178344858845:image-recipe/frontend/1.0.0",
            "name": "frontend",
            "owner": "178344858845",
            "parent_image": "arn:aws:imagebuilder:eu-central-1:aws:image/amazon-linux-2-x86/x.x.x",
            "platform": "Linux",
            "systems_manager_agent": [],
            "tags": {
              "Name": "frontend"
            },
            "tags_all": {
              "Name": "frontend"
            },
            "user_data_base64": null,
            "version": "1.0.0",
            "working_directory": "/tmp"
          },
          "sensitive_attributes": [],
          "private": "bnVsbA=="
        }
      ]
    },
    {
      "mode": "managed",
      "type": "aws_imagebuilder_infrastructure_configuration",
      "name": "frontend",
      "provider": "provider[\"registry.terraform.io/hashicorp/aws\"]",
      "instances": [
        {
          "schema_version": 0,
          "attributes": {
            "arn": "arn:aws:imagebuilder:eu-central-1:178344858845:infrastructure-configuration/frontend",
            "date_created": "2023-10-25T19:56:59.242Z",
            "date_updated": "2023-10-28T21:43:30.054Z",
            "description": "frontend",
            "id": "arn:aws:imagebuilder:eu-central-1:178344858845:infrastructure-configuration/frontend",
            "instance_metadata_options": [],
            "instance_profile_name": "prod_image_builder",
            "instance_types": [
              "t2.micro"
            ],
            "key_pair": "",
            "logging": [
              {
                "s3_logs": [
                  {
                    "s3_bucket_name": "terraform-20231027110437349100000001",
                    "s3_key_prefix": "logs"
                  }
                ]
              }
            ],
            "name": "frontend",
            "resource_tags": {},
            "security_group_ids": [],
            "sns_topic_arn": "",
            "subnet_id": "",
            "tags": {
              "Name": "frontend"
            },
            "tags_all": {
              "Name": "frontend"
            },
            "terminate_instance_on_failure": true
          },
          "sensitive_attributes": [],
          "private": "bnVsbA==",
          "dependencies": [
            "aws_iam_instance_profile.prod_image_builder",
            "aws_iam_role.prod_image_builder",
            "aws_s3_bucket.prod",
            "data.aws_iam_policy_document.policy_all"
          ]
        }
      ]
    },
    {
      "mode": "managed",
      "type": "aws_internet_gateway",
      "name": "prod",
      "provider": "provider[\"registry.terraform.io/hashicorp/aws\"]",
      "instances": [
        {
          "schema_version": 0,
          "attributes": {
            "arn": "arn:aws:ec2:eu-central-1:178344858845:internet-gateway/igw-06d1bdc33573259c3",
            "id": "igw-06d1bdc33573259c3",
            "owner_id": "178344858845",
            "tags": {
              "Name": "production"
            },
            "tags_all": {
              "Name": "production"
            },
            "timeouts": null,
            "vpc_id": "vpc-0fde0148583a5b257"
          },
          "sensitive_attributes": [],
          "private": "eyJlMmJmYjczMC1lY2FhLTExZTYtOGY4OC0zNDM2M2JjN2M0YzAiOnsiY3JlYXRlIjoxMjAwMDAwMDAwMDAwLCJkZWxldGUiOjEyMDAwMDAwMDAwMDAsInVwZGF0ZSI6MTIwMDAwMDAwMDAwMH19",
          "dependencies": [
            "aws_vpc.prod"
          ]
        }
      ]
    },
    {
      "mode": "managed",
      "type": "aws_launch_template",
      "name": "frontend",
      "provider": "provider[\"registry.terraform.io/hashicorp/aws\"]",
      "instances": [
        {
          "schema_version": 0,
          "attributes": {
            "arn": "arn:aws:ec2:eu-central-1:178344858845:launch-template/lt-0b6e0994791e00b26",
            "block_device_mappings": [
              {
                "device_name": "/dev/xvda",
                "ebs": [
                  {
                    "delete_on_termination": "true",
                    "encrypted": "",
                    "iops": 0,
                    "kms_key_id": "",
                    "snapshot_id": "",
                    "throughput": 0,
                    "volume_size": 64,
                    "volume_type": ""
                  }
                ],
                "no_device": "",
                "virtual_name": ""
              }
            ],
            "capacity_reservation_specification": [],
            "cpu_options": [],
            "credit_specification": [],
            "default_version": 13,
            "description": "",
            "disable_api_stop": false,
            "disable_api_termination": false,
            "ebs_optimized": "",
            "elastic_gpu_specifications": [],
            "elastic_inference_accelerator": [],
            "enclave_options": [],
            "hibernation_options": [],
            "iam_instance_profile": [
              {
                "arn": "",
                "name": "prod_image_builder"
              }
            ],
            "id": "lt-0b6e0994791e00b26",
            "image_id": "ami-0ada6686cdd61ecb1",
            "instance_initiated_shutdown_behavior": "",
            "instance_market_options": [],
            "instance_requirements": [],
            "instance_type": "t2.micro",
            "kernel_id": "",
            "key_name": "",
            "latest_version": 13,
            "license_specification": [],
            "maintenance_options": [],
            "metadata_options": [],
            "monitoring": [],
            "name": "frontend",
            "name_prefix": "",
            "network_interfaces": [
              {
                "associate_carrier_ip_address": "",
                "associate_public_ip_address": "true",
                "delete_on_termination": "true",
                "description": "",
                "device_index": 0,
                "interface_type": "",
                "ipv4_address_count": 0,
                "ipv4_addresses": [],
                "ipv4_prefix_count": 0,
                "ipv4_prefixes": [],
                "ipv6_address_count": 0,
                "ipv6_addresses": [],
                "ipv6_prefix_count": 0,
                "ipv6_prefixes": [],
                "network_card_index": 0,
                "network_interface_id": "",
                "private_ip_address": "",
                "security_groups": [
                  "sg-084175cbfea1ec8fc"
                ],
                "subnet_id": "subnet-026153906761065bd"
              }
            ],
            "placement": [],
            "private_dns_name_options": [],
            "ram_disk_id": "",
            "security_group_names": [],
            "tag_specifications": [
              {
                "resource_type": "instance",
                "tags": {
                  "Name": "frontend"
                }
              }
            ],
            "tags": {
              "Name": "frontend"
            },
            "tags_all": {
              "Name": "frontend"
            },
            "update_default_version": true,
            "user_data": "IyEvYmluL2Jhc2gKeXVtIGluc3RhbGwgLXkgaHR0cGQKc3lzdGVtY3RsIHN0YXJ0IGh0dHBkCnN5c3RlbWN0bCBlbmFibGUgaHR0cGQKZWNobyAiPGh0bWw+PGJvZHk+PGgxPkhlbGxvIFdvcmxkPC9oMT48L2JvZHk+PC9odG1sPiIgPiAvdmFyL3d3dy9odG1sL2luZGV4Lmh0bWwK",
            "vpc_security_group_ids": []
          },
          "sensitive_attributes": [],
          "private": "bnVsbA==",
          "dependencies": [
            "aws_iam_instance_profile.prod_image_builder",
            "aws_iam_role.prod_image_builder",
            "aws_imagebuilder_distribution_configuration.frontend",
            "aws_imagebuilder_image.frontend",
            "aws_imagebuilder_image_recipe.frontend",
            "aws_imagebuilder_infrastructure_configuration.frontend",
            "aws_s3_bucket.prod",
            "aws_security_group.frontend",
            "aws_subnet.prod_a",
            "aws_vpc.prod",
            "data.aws_iam_policy_document.policy_all"
          ]
        }
      ]
    },
    {
      "mode": "managed",
      "type": "aws_lb",
      "name": "frontend",
      "provider": "provider[\"registry.terraform.io/hashicorp/aws\"]",
      "instances": [
        {
          "schema_version": 0,
          "attributes": {
            "access_logs": [
              {
                "bucket": "",
                "enabled": false,
                "prefix": ""
              }
            ],
            "arn": "arn:aws:elasticloadbalancing:eu-central-1:178344858845:loadbalancer/app/frontend/3ce040c12a28fed2",
            "arn_suffix": "app/frontend/3ce040c12a28fed2",
            "customer_owned_ipv4_pool": "",
            "desync_mitigation_mode": "defensive",
            "dns_name": "frontend-1139325102.eu-central-1.elb.amazonaws.com",
            "drop_invalid_header_fields": false,
            "enable_cross_zone_load_balancing": true,
            "enable_deletion_protection": false,
            "enable_http2": true,
            "enable_tls_version_and_cipher_suite_headers": false,
            "enable_waf_fail_open": false,
            "enable_xff_client_port": false,
            "id": "arn:aws:elasticloadbalancing:eu-central-1:178344858845:loadbalancer/app/frontend/3ce040c12a28fed2",
            "idle_timeout": 60,
            "internal": false,
            "ip_address_type": "ipv4",
            "load_balancer_type": "application",
            "name": "frontend",
            "name_prefix": null,
            "preserve_host_header": false,
            "security_groups": [
              "sg-084175cbfea1ec8fc"
            ],
            "subnet_mapping": [
              {
                "allocation_id": "",
                "ipv6_address": "",
                "outpost_id": "",
                "private_ipv4_address": "",
                "subnet_id": "subnet-015af7ea3b7acc40f"
              },
              {
                "allocation_id": "",
                "ipv6_address": "",
                "outpost_id": "",
                "private_ipv4_address": "",
                "subnet_id": "subnet-026153906761065bd"
              }
            ],
            "subnets": [
              "subnet-015af7ea3b7acc40f",
              "subnet-026153906761065bd"
            ],
            "tags": {
              "Name": "frontend"
            },
            "tags_all": {
              "Name": "frontend"
            },
            "timeouts": null,
            "vpc_id": "vpc-0fde0148583a5b257",
            "xff_header_processing_mode": "append",
            "zone_id": "Z215JYRZR1TBD5"
          },
          "sensitive_attributes": [],
          "private": "eyJlMmJmYjczMC1lY2FhLTExZTYtOGY4OC0zNDM2M2JjN2M0YzAiOnsiY3JlYXRlIjo2MDAwMDAwMDAwMDAsImRlbGV0ZSI6NjAwMDAwMDAwMDAwLCJ1cGRhdGUiOjYwMDAwMDAwMDAwMH19",
          "dependencies": [
            "aws_security_group.frontend",
            "aws_subnet.prod_a",
            "aws_subnet.prod_b",
            "aws_vpc.prod"
          ]
        }
      ]
    },
    {
      "mode": "managed",
      "type": "aws_lb_listener",
      "name": "frontend",
      "provider": "provider[\"registry.terraform.io/hashicorp/aws\"]",
      "instances": [
        {
          "schema_version": 0,
          "attributes": {
            "alpn_policy": null,
            "arn": "arn:aws:elasticloadbalancing:eu-central-1:178344858845:listener/app/frontend/3ce040c12a28fed2/40414968b8679816",
            "certificate_arn": null,
            "default_action": [
              {
                "authenticate_cognito": [],
                "authenticate_oidc": [],
                "fixed_response": [],
                "forward": [],
                "order": 1,
                "redirect": [],
                "target_group_arn": "arn:aws:elasticloadbalancing:eu-central-1:178344858845:targetgroup/frontend/63c165caedb838f6",
                "type": "forward"
              }
            ],
            "id": "arn:aws:elasticloadbalancing:eu-central-1:178344858845:listener/app/frontend/3ce040c12a28fed2/40414968b8679816",
            "load_balancer_arn": "arn:aws:elasticloadbalancing:eu-central-1:178344858845:loadbalancer/app/frontend/3ce040c12a28fed2",
            "port": 80,
            "protocol": "HTTP",
            "ssl_policy": "",
            "tags": {
              "Name": "frontend"
            },
            "tags_all": {
              "Name": "frontend"
            },
            "timeouts": null
          },
          "sensitive_attributes": [],
          "private": "eyJlMmJmYjczMC1lY2FhLTExZTYtOGY4OC0zNDM2M2JjN2M0YzAiOnsicmVhZCI6NjAwMDAwMDAwMDAwfX0=",
          "dependencies": [
            "aws_lb.frontend",
            "aws_lb_target_group.frontend",
            "aws_security_group.frontend",
            "aws_subnet.prod_a",
            "aws_subnet.prod_b",
            "aws_vpc.prod"
          ]
        }
      ]
    },
    {
      "mode": "managed",
      "type": "aws_lb_target_group",
      "name": "frontend",
      "provider": "provider[\"registry.terraform.io/hashicorp/aws\"]",
      "instances": [
        {
          "schema_version": 0,
          "attributes": {
            "arn": "arn:aws:elasticloadbalancing:eu-central-1:178344858845:targetgroup/frontend/63c165caedb838f6",
            "arn_suffix": "targetgroup/frontend/63c165caedb838f6",
            "connection_termination": false,
            "deregistration_delay": "300",
            "health_check": [
              {
                "enabled": true,
                "healthy_threshold": 2,
                "interval": 30,
                "matcher": "200",
                "path": "/",
                "port": "80",
                "protocol": "HTTP",
                "timeout": 5,
                "unhealthy_threshold": 2
              }
            ],
            "id": "arn:aws:elasticloadbalancing:eu-central-1:178344858845:targetgroup/frontend/63c165caedb838f6",
            "ip_address_type": "ipv4",
            "lambda_multi_value_headers_enabled": false,
            "load_balancing_algorithm_type": "round_robin",
            "load_balancing_cross_zone_enabled": "use_load_balancer_configuration",
            "name": "frontend",
            "name_prefix": null,
            "port": 80,
            "preserve_client_ip": null,
            "protocol": "HTTP",
            "protocol_version": "HTTP1",
            "proxy_protocol_v2": false,
            "slow_start": 0,
            "stickiness": [
              {
                "cookie_duration": 86400,
                "cookie_name": "",
                "enabled": false,
                "type": "lb_cookie"
              }
            ],
            "tags": {
              "Name": "frontend"
            },
            "tags_all": {
              "Name": "frontend"
            },
            "target_failover": [
              {
                "on_deregistration": null,
                "on_unhealthy": null
              }
            ],
            "target_type": "instance",
            "vpc_id": "vpc-0fde0148583a5b257"
          },
          "sensitive_attributes": [],
          "private": "bnVsbA==",
          "dependencies": [
            "aws_vpc.prod"
          ]
        }
      ]
    },
    {
      "mode": "managed",
      "type": "aws_route_table",
      "name": "prod",
      "provider": "provider[\"registry.terraform.io/hashicorp/aws\"]",
      "instances": [
        {
          "schema_version": 0,
          "attributes": {
            "arn": "arn:aws:ec2:eu-central-1:178344858845:route-table/rtb-056702a30fc10323c",
            "id": "rtb-056702a30fc10323c",
            "owner_id": "178344858845",
            "propagating_vgws": [],
            "route": [
              {
                "carrier_gateway_id": "",
                "cidr_block": "0.0.0.0/0",
                "core_network_arn": "",
                "destination_prefix_list_id": "",
                "egress_only_gateway_id": "",
                "gateway_id": "igw-06d1bdc33573259c3",
                "instance_id": "",
                "ipv6_cidr_block": "",
                "local_gateway_id": "",
                "nat_gateway_id": "",
                "network_interface_id": "",
                "transit_gateway_id": "",
                "vpc_endpoint_id": "",
                "vpc_peering_connection_id": ""
              }
            ],
            "tags": {
              "Name": "production"
            },
            "tags_all": {
              "Name": "production"
            },
            "timeouts": null,
            "vpc_id": "vpc-0fde0148583a5b257"
          },
          "sensitive_attributes": [],
          "private": "eyJlMmJmYjczMC1lY2FhLTExZTYtOGY4OC0zNDM2M2JjN2M0YzAiOnsiY3JlYXRlIjozMDAwMDAwMDAwMDAsImRlbGV0ZSI6MzAwMDAwMDAwMDAwLCJ1cGRhdGUiOjEyMDAwMDAwMDAwMH19",
          "dependencies": [
            "aws_internet_gateway.prod",
            "aws_vpc.prod"
          ]
        }
      ]
    },
    {
      "mode": "managed",
      "type": "aws_route_table_association",
      "name": "prod_a",
      "provider": "provider[\"registry.terraform.io/hashicorp/aws\"]",
      "instances": [
        {
          "schema_version": 0,
          "attributes": {
            "gateway_id": "",
            "id": "rtbassoc-0fb172941834d6577",
            "route_table_id": "rtb-056702a30fc10323c",
            "subnet_id": "subnet-026153906761065bd",
            "timeouts": null
          },
          "sensitive_attributes": [],
          "private": "eyJlMmJmYjczMC1lY2FhLTExZTYtOGY4OC0zNDM2M2JjN2M0YzAiOnsiY3JlYXRlIjozMDAwMDAwMDAwMDAsImRlbGV0ZSI6MzAwMDAwMDAwMDAwLCJ1cGRhdGUiOjEyMDAwMDAwMDAwMH19",
          "dependencies": [
            "aws_internet_gateway.prod",
            "aws_route_table.prod",
            "aws_subnet.prod_a",
            "aws_vpc.prod"
          ]
        }
      ]
    },
    {
      "mode": "managed",
      "type": "aws_route_table_association",
      "name": "prod_b",
      "provider": "provider[\"registry.terraform.io/hashicorp/aws\"]",
      "instances": [
        {
          "schema_version": 0,
          "attributes": {
            "gateway_id": "",
            "id": "rtbassoc-0affbcecba85bad11",
            "route_table_id": "rtb-056702a30fc10323c",
            "subnet_id": "subnet-015af7ea3b7acc40f",
            "timeouts": null
          },
          "sensitive_attributes": [],
          "private": "eyJlMmJmYjczMC1lY2FhLTExZTYtOGY4OC0zNDM2M2JjN2M0YzAiOnsiY3JlYXRlIjozMDAwMDAwMDAwMDAsImRlbGV0ZSI6MzAwMDAwMDAwMDAwLCJ1cGRhdGUiOjEyMDAwMDAwMDAwMH19",
          "dependencies": [
            "aws_internet_gateway.prod",
            "aws_route_table.prod",
            "aws_subnet.prod_b",
            "aws_vpc.prod"
          ]
        }
      ]
    },
    {
      "mode": "managed",
      "type": "aws_s3_bucket",
      "name": "prod",
      "provider": "provider[\"registry.terraform.io/hashicorp/aws\"]",
      "instances": [
        {
          "schema_version": 0,
          "attributes": {
            "acceleration_status": "",
            "acl": null,
            "arn": "arn:aws:s3:::terraform-20231027110437349100000001",
            "bucket": "terraform-20231027110437349100000001",
            "bucket_domain_name": "terraform-20231027110437349100000001.s3.amazonaws.com",
            "bucket_prefix": "terraform-",
            "bucket_regional_domain_name": "terraform-20231027110437349100000001.s3.eu-central-1.amazonaws.com",
            "cors_rule": [],
            "force_destroy": false,
            "grant": [
              {
                "id": "c083fffbecccb64531bc71501791baf1f2b697816d8e38e4e2123d5bea8c1a49",
                "permissions": [
                  "FULL_CONTROL"
                ],
                "type": "CanonicalUser",
                "uri": ""
              }
            ],
            "hosted_zone_id": "Z21DNDUVLTQW6Q",
            "id": "terraform-20231027110437349100000001",
            "lifecycle_rule": [],
            "logging": [],
            "object_lock_configuration": [],
            "object_lock_enabled": false,
            "policy": "",
            "region": "eu-central-1",
            "replication_configuration": [],
            "request_payer": "BucketOwner",
            "server_side_encryption_configuration": [
              {
                "rule": [
                  {
                    "apply_server_side_encryption_by_default": [
                      {
                        "kms_master_key_id": "",
                        "sse_algorithm": "AES256"
                      }
                    ],
                    "bucket_key_enabled": false
                  }
                ]
              }
            ],
            "tags": {
              "Name": "production"
            },
            "tags_all": {
              "Name": "production"
            },
            "timeouts": null,
            "versioning": [
              {
                "enabled": false,
                "mfa_delete": false
              }
            ],
            "website": [],
            "website_domain": null,
            "website_endpoint": null
          },
          "sensitive_attributes": [],
          "private": "eyJlMmJmYjczMC1lY2FhLTExZTYtOGY4OC0zNDM2M2JjN2M0YzAiOnsiY3JlYXRlIjoxMjAwMDAwMDAwMDAwLCJkZWxldGUiOjM2MDAwMDAwMDAwMDAsInJlYWQiOjEyMDAwMDAwMDAwMDAsInVwZGF0ZSI6MTIwMDAwMDAwMDAwMH19"
        }
      ]
    },
    {
      "mode": "managed",
      "type": "aws_security_group",
      "name": "frontend",
      "provider": "provider[\"registry.terraform.io/hashicorp/aws\"]",
      "instances": [
        {
          "schema_version": 1,
          "attributes": {
            "arn": "arn:aws:ec2:eu-central-1:178344858845:security-group/sg-084175cbfea1ec8fc",
            "description": "frontend",
            "egress": [
              {
                "cidr_blocks": [
                  "0.0.0.0/0"
                ],
                "description": "",
                "from_port": 0,
                "ipv6_cidr_blocks": [
                  "::/0"
                ],
                "prefix_list_ids": [],
                "protocol": "-1",
                "security_groups": [],
                "self": false,
                "to_port": 0
              }
            ],
            "id": "sg-084175cbfea1ec8fc",
            "ingress": [
              {
                "cidr_blocks": [
                  "0.0.0.0/0"
                ],
                "description": "HTTP",
                "from_port": 80,
                "ipv6_cidr_blocks": [],
                "prefix_list_ids": [],
                "protocol": "tcp",
                "security_groups": [],
                "self": false,
                "to_port": 80
              }
            ],
            "name": "frontend",
            "name_prefix": "",
            "owner_id": "178344858845",
            "revoke_rules_on_delete": false,
            "tags": {
              "Name": "frontend"
            },
            "tags_all": {
              "Name": "frontend"
            },
            "timeouts": null,
            "vpc_id": "vpc-0fde0148583a5b257"
          },
          "sensitive_attributes": [],
          "private": "eyJlMmJmYjczMC1lY2FhLTExZTYtOGY4OC0zNDM2M2JjN2M0YzAiOnsiY3JlYXRlIjo2MDAwMDAwMDAwMDAsImRlbGV0ZSI6OTAwMDAwMDAwMDAwfSwic2NoZW1hX3ZlcnNpb24iOiIxIn0=",
          "dependencies": [
            "aws_vpc.prod"
          ]
        }
      ]
    },
    {
      "mode": "managed",
      "type": "aws_subnet",
      "name": "prod_a",
      "provider": "provider[\"registry.terraform.io/hashicorp/aws\"]",
      "instances": [
        {
          "schema_version": 1,
          "attributes": {
            "arn": "arn:aws:ec2:eu-central-1:178344858845:subnet/subnet-026153906761065bd",
            "assign_ipv6_address_on_creation": false,
            "availability_zone": "eu-central-1a",
            "availability_zone_id": "euc1-az2",
            "cidr_block": "10.0.1.0/24",
            "customer_owned_ipv4_pool": "",
            "enable_dns64": false,
            "enable_lni_at_device_index": 0,
            "enable_resource_name_dns_a_record_on_launch": false,
            "enable_resource_name_dns_aaaa_record_on_launch": false,
            "id": "subnet-026153906761065bd",
            "ipv6_cidr_block": "",
            "ipv6_cidr_block_association_id": "",
            "ipv6_native": false,
            "map_customer_owned_ip_on_launch": false,
            "map_public_ip_on_launch": false,
            "outpost_arn": "",
            "owner_id": "178344858845",
            "private_dns_hostname_type_on_launch": "ip-name",
            "tags": {
              "Name": "production"
            },
            "tags_all": {
              "Name": "production"
            },
            "timeouts": null,
            "vpc_id": "vpc-0fde0148583a5b257"
          },
          "sensitive_attributes": [],
          "private": "eyJlMmJmYjczMC1lY2FhLTExZTYtOGY4OC0zNDM2M2JjN2M0YzAiOnsiY3JlYXRlIjo2MDAwMDAwMDAwMDAsImRlbGV0ZSI6MTIwMDAwMDAwMDAwMH0sInNjaGVtYV92ZXJzaW9uIjoiMSJ9",
          "dependencies": [
            "aws_vpc.prod"
          ]
        }
      ]
    },
    {
      "mode": "managed",
      "type": "aws_subnet",
      "name": "prod_b",
      "provider": "provider[\"registry.terraform.io/hashicorp/aws\"]",
      "instances": [
        {
          "schema_version": 1,
          "attributes": {
            "arn": "arn:aws:ec2:eu-central-1:178344858845:subnet/subnet-015af7ea3b7acc40f",
            "assign_ipv6_address_on_creation": false,
            "availability_zone": "eu-central-1b",
            "availability_zone_id": "euc1-az3",
            "cidr_block": "10.0.2.0/24",
            "customer_owned_ipv4_pool": "",
            "enable_dns64": false,
            "enable_lni_at_device_index": 0,
            "enable_resource_name_dns_a_record_on_launch": false,
            "enable_resource_name_dns_aaaa_record_on_launch": false,
            "id": "subnet-015af7ea3b7acc40f",
            "ipv6_cidr_block": "",
            "ipv6_cidr_block_association_id": "",
            "ipv6_native": false,
            "map_customer_owned_ip_on_launch": false,
            "map_public_ip_on_launch": false,
            "outpost_arn": "",
            "owner_id": "178344858845",
            "private_dns_hostname_type_on_launch": "ip-name",
            "tags": {
              "Name": "production"
            },
            "tags_all": {
              "Name": "production"
            },
            "timeouts": null,
            "vpc_id": "vpc-0fde0148583a5b257"
          },
          "sensitive_attributes": [],
          "private": "eyJlMmJmYjczMC1lY2FhLTExZTYtOGY4OC0zNDM2M2JjN2M0YzAiOnsiY3JlYXRlIjo2MDAwMDAwMDAwMDAsImRlbGV0ZSI6MTIwMDAwMDAwMDAwMH0sInNjaGVtYV92ZXJzaW9uIjoiMSJ9",
          "dependencies": [
            "aws_vpc.prod"
          ]
        }
      ]
    },
    {
      "mode": "managed",
      "type": "aws_vpc",
      "name": "prod",
      "provider": "provider[\"registry.terraform.io/hashicorp/aws\"]",
      "instances": [
        {
          "schema_version": 1,
          "attributes": {
            "arn": "arn:aws:ec2:eu-central-1:178344858845:vpc/vpc-0fde0148583a5b257",
            "assign_generated_ipv6_cidr_block": false,
            "cidr_block": "10.0.0.0/16",
            "default_network_acl_id": "acl-03145bfb9806f967d",
            "default_route_table_id": "rtb-091a7050a7c4eba7a",
            "default_security_group_id": "sg-0969e98a73b2d864a",
            "dhcp_options_id": "dopt-03e81fa6e131921a6",
            "enable_classiclink": false,
            "enable_classiclink_dns_support": false,
            "enable_dns_hostnames": false,
            "enable_dns_support": true,
            "enable_network_address_usage_metrics": false,
            "id": "vpc-0fde0148583a5b257",
            "instance_tenancy": "default",
            "ipv4_ipam_pool_id": null,
            "ipv4_netmask_length": null,
            "ipv6_association_id": "",
            "ipv6_cidr_block": "",
            "ipv6_cidr_block_network_border_group": "",
            "ipv6_ipam_pool_id": "",
            "ipv6_netmask_length": 0,
            "main_route_table_id": "rtb-091a7050a7c4eba7a",
            "owner_id": "178344858845",
            "tags": {
              "Name": "production"
            },
            "tags_all": {
              "Name": "production"
            }
          },
          "sensitive_attributes": [],
          "private": "eyJzY2hlbWFfdmVyc2lvbiI6IjEifQ=="
        }
      ]
    }
  ],
  "check_results": null
}
